lockfile_version: '1'
generated_at: '2026-05-07T19:39:12.553814+00:00'
apm_version: 0.12.4
dependencies:
- repo_url: moonbitlang/skills
  host: github.com
  resolved_commit: eed7fd318ca7e1a711e00a13471f36e577103cc6
  package_type: marketplace_plugin
  deployed_files:
  - .agents/skills/moonbit-c-binding
  - .agents/skills/moonbit-extract-spec-test
  - .agents/skills/moonbit-orientation
  - .claude/skills/moonbit-c-binding
  - .claude/skills/moonbit-extract-spec-test
  - .claude/skills/moonbit-orientation
  content_hash: sha256:f14bb9d6b796d5154086fd35676b6434c06b0a23dcf3765109839b3628619db7
- repo_url: ngicks/agents-package
  host: github.com
  resolved_commit: 817461f86c0e611febc8b950a0c12867665e2af4
  virtual_path: hooks/golangci-lint-fmt-after-edit
  is_virtual: true
  package_type: hook_package
  deployed_files:
  - .claude/hooks/golangci-lint-fmt-after-edit/run.sh
  - .codex/hooks/golangci-lint-fmt-after-edit/run.sh
  deployed_file_hashes:
    .claude/hooks/golangci-lint-fmt-after-edit/run.sh: sha256:1357cc481656077413fc49cbe095a2941e6a21034b254e298ad4ee12978d8d44
    .codex/hooks/golangci-lint-fmt-after-edit/run.sh: sha256:1357cc481656077413fc49cbe095a2941e6a21034b254e298ad4ee12978d8d44
  content_hash: sha256:2df09a9d0d9c5bf396e306a0e698aa4280f33add88070e1bbfca8eed78b324b3
- repo_url: ngicks/agents-package
  host: github.com
  resolved_commit: 817461f86c0e611febc8b950a0c12867665e2af4
  virtual_path: hooks/golangci-lint-run-after-edit
  is_virtual: true
  package_type: hook_package
  deployed_files:
  - .claude/hooks/golangci-lint-run-after-edit/run.sh
  - .codex/hooks/golangci-lint-run-after-edit/run.sh
  deployed_file_hashes:
    .claude/hooks/golangci-lint-run-after-edit/run.sh: sha256:9530f29de9d8eba8281463d21d58f8b021a327a10d2a911161036848d8ab5a64
    .codex/hooks/golangci-lint-run-after-edit/run.sh: sha256:9530f29de9d8eba8281463d21d58f8b021a327a10d2a911161036848d8ab5a64
  content_hash: sha256:4e6be68d8e52e2f3e36aeda23f0b5b7369336e9c938ba087dd69528bcac67051
- repo_url: ngicks/agents-package
  host: github.com
  resolved_commit: 817461f86c0e611febc8b950a0c12867665e2af4
  virtual_path: instructions/base-env.instructions.md
  is_virtual: true
  package_type: apm_package
  deployed_files:
  - .claude/rules/base-env.md
  deployed_file_hashes:
    .claude/rules/base-env.md: sha256:a8e409d534a453b252382ade30cd392cfcd17eff302616e2551f456d8432854e
  content_hash: sha256:e8e2f850d9cb676f3e9dc7756563576bc3dca4aed77f162987d88b6a7a0d18c5
- repo_url: ngicks/agents-package
  host: github.com
  resolved_commit: 817461f86c0e611febc8b950a0c12867665e2af4
  virtual_path: instructions/go/go-basics.instructions.md
  is_virtual: true
  package_type: apm_package
  deployed_files:
  - .claude/rules/go-basics.md
  deployed_file_hashes:
    .claude/rules/go-basics.md: sha256:9e9687137db1dcd534e909aa4bc1ae62e0439d849837cb2bed37791a8d01616f
  content_hash: sha256:3377a6fbb48ef1d8f562c62cc7b382d85c75964726c423ba14dde945bbb0bead
- repo_url: ngicks/agents-package
  host: github.com
  resolved_commit: 817461f86c0e611febc8b950a0c12867665e2af4
  virtual_path: instructions/go/go-design-preference.instructions.md
  is_virtual: true
  package_type: apm_package
  deployed_files:
  - .claude/rules/go-design-preference.md
  deployed_file_hashes:
    .claude/rules/go-design-preference.md: sha256:0a0c45354f94f7333de69d5fe4ff1cb247736155a0ba1645b7db3c101572f773
  content_hash: sha256:08392ce26cee0ed77f6865678fe518f2e224c3706351936d7e59eed4b5e4d43b
- repo_url: ngicks/agents-package
  host: github.com
  resolved_commit: 817461f86c0e611febc8b950a0c12867665e2af4
  virtual_path: instructions/moonbit/moonbit-basics.instructions.md
  is_virtual: true
  package_type: apm_package
  deployed_files:
  - .claude/rules/moonbit-basics.md
  deployed_file_hashes:
    .claude/rules/moonbit-basics.md: sha256:0a1189d68d0650aefd1d323b116184202944a16aca4c014fe42b80b5f8b7987d
  content_hash: sha256:e15b0438f61f5bf6e61fe436b2ac32347ad2b95d033e9674c0d3025d19db929c
- repo_url: ngicks/agents-package
  host: github.com
  resolved_commit: 817461f86c0e611febc8b950a0c12867665e2af4
  virtual_path: skills/go-check-outdated-patterns
  is_virtual: true
  package_type: claude_skill
  deployed_files:
  - .agents/skills/go-check-outdated-patterns
  - .claude/skills/go-check-outdated-patterns
  content_hash: sha256:685001bfd8f313b73fd9534494c06dde40f1d596c25afc2310a4c4ee9f4f92ed
- repo_url: ngicks/agents-package
  host: github.com
  resolved_commit: 817461f86c0e611febc8b950a0c12867665e2af4
  virtual_path: skills/go-edit-cobra
  is_virtual: true
  package_type: claude_skill
  deployed_files:
  - .agents/skills/go-edit-cobra
  - .claude/skills/go-edit-cobra
  content_hash: sha256:b8a896506b43fc07517f4d8706d059964ffe56a61b140e1aeb0263ec867a17c7
local_deployed_files:
- .claude/rules/repo-local.md
local_deployed_file_hashes:
  .claude/rules/repo-local.md: sha256:24ddddab39bd6c359f4cef97535ed53778e9747a483a63a2367fcc8e72d2cb0d
