lockfile_version: '1'
generated_at: '2026-04-22T04:23:37.051745+00:00'
apm_version: 0.9.0
dependencies:
- repo_url: moonbitlang/moonbit-agent-guide
  host: github.com
  resolved_commit: 2ad7f9ee1937efe447e07bbba5827bbdf281bc8b
  virtual_path: moonbit-agent-guide
  is_virtual: true
  package_type: claude_skill
  deployed_files:
  - .agents/skills/moonbit-agent-guide
  - .claude/skills/moonbit-agent-guide
  content_hash: sha256:122fb0979430176a7a59f86f0ff76b2abf5f4a888df59b1eea9715c31e231f99
- repo_url: moonbitlang/moonbit-agent-guide
  host: github.com
  resolved_commit: 2ad7f9ee1937efe447e07bbba5827bbdf281bc8b
  virtual_path: moonbit-c-binding
  is_virtual: true
  package_type: claude_skill
  deployed_files:
  - .agents/skills/moonbit-c-binding
  - .claude/skills/moonbit-c-binding
  content_hash: sha256:94fba0820e0aab0ffa36362f9a5fba07918882dfb516ce50784c62bdedd1da3f
- repo_url: moonbitlang/moonbit-agent-guide
  host: github.com
  resolved_commit: 2ad7f9ee1937efe447e07bbba5827bbdf281bc8b
  virtual_path: moonbit-proof
  is_virtual: true
  package_type: claude_skill
  deployed_files:
  - .agents/skills/moonbit-proof
  - .claude/skills/moonbit-proof
  content_hash: sha256:7791222a72b3bc09270b7d748bcfd0519d7123e4bd76f1659b39163a393f2a51
- repo_url: moonbitlang/moonbit-agent-guide
  host: github.com
  resolved_commit: 2ad7f9ee1937efe447e07bbba5827bbdf281bc8b
  virtual_path: moonbit-refactoring
  is_virtual: true
  package_type: claude_skill
  deployed_files:
  - .agents/skills/moonbit-refactoring
  - .claude/skills/moonbit-refactoring
  content_hash: sha256:1a20bd55385e0a076b78cf502b0bb957d2c71a3e637055b6653a678c89b1231b
