lockfile_version: '1'
generated_at: '2026-04-22T10:50:49.799311+00:00'
apm_version: 0.9.0
dependencies:
- repo_url: moonbitlang/skills
  host: github.com
  resolved_commit: 45f72688eefac070e5f45c09c3a9de48699bdb83
  virtual_path: moonbit-c-binding
  is_virtual: true
  package_type: claude_skill
  deployed_files:
  - .agents/skills/moonbit-c-binding
  - .claude/skills/moonbit-c-binding
  content_hash: sha256:a1257fd60069dfdfa5e4825aae474bddfcf4ae8b69ecb81e9e451c18bd5795a6
- repo_url: moonbitlang/skills
  host: github.com
  resolved_commit: 45f72688eefac070e5f45c09c3a9de48699bdb83
  virtual_path: moonbit-extract-spec-test
  is_virtual: true
  package_type: claude_skill
  deployed_files:
  - .agents/skills/moonbit-extract-spec-test
  - .claude/skills/moonbit-extract-spec-test
  content_hash: sha256:8c7fe72b7e21c56e8622f8c74024b30346e717d970378b2439192ef46008efb3
