# @generated - this file is auto-generated by `mise lock` https://mise.en.dev/dev-tools/mise-lock.html

[[tools."aqua:helm/chart-releaser"]]
version = "1.8.1"
backend = "aqua:helm/chart-releaser"

[tools."aqua:helm/chart-releaser"."platforms.linux-arm64"]
checksum = "sha256:03811896f65f73faffa63aa24f54ac4fed73e088418d0582723917b69c2a280b"
url = "https://github.com/helm/chart-releaser/releases/download/v1.8.1/chart-releaser_1.8.1_linux_arm64.tar.gz"

[tools."aqua:helm/chart-releaser"."platforms.linux-arm64-musl"]
checksum = "sha256:03811896f65f73faffa63aa24f54ac4fed73e088418d0582723917b69c2a280b"
url = "https://github.com/helm/chart-releaser/releases/download/v1.8.1/chart-releaser_1.8.1_linux_arm64.tar.gz"

[tools."aqua:helm/chart-releaser"."platforms.linux-x64"]
checksum = "sha256:834046b27b00cd6ba451326875c1937d4f2b671063c2053e031434ade73002b5"
url = "https://github.com/helm/chart-releaser/releases/download/v1.8.1/chart-releaser_1.8.1_linux_amd64.tar.gz"

[tools."aqua:helm/chart-releaser"."platforms.linux-x64-musl"]
checksum = "sha256:834046b27b00cd6ba451326875c1937d4f2b671063c2053e031434ade73002b5"
url = "https://github.com/helm/chart-releaser/releases/download/v1.8.1/chart-releaser_1.8.1_linux_amd64.tar.gz"

[tools."aqua:helm/chart-releaser"."platforms.macos-arm64"]
checksum = "sha256:d957e23f012650cf7ddf6c907688358d572e4a1b8e0e64b31f4b4c03472a0e4b"
url = "https://github.com/helm/chart-releaser/releases/download/v1.8.1/chart-releaser_1.8.1_darwin_arm64.tar.gz"

[tools."aqua:helm/chart-releaser"."platforms.macos-x64"]
checksum = "sha256:4209b5f28b309301fd7b4bfed5316b5c97f31c10969e6afb7a0eb9ab2d168244"
url = "https://github.com/helm/chart-releaser/releases/download/v1.8.1/chart-releaser_1.8.1_darwin_amd64.tar.gz"

[tools."aqua:helm/chart-releaser"."platforms.windows-x64"]
checksum = "sha256:3db750018dc6aa7908b439ff063a89e2519e45cb5971ebb34090bc47eaf6e469"
url = "https://github.com/helm/chart-releaser/releases/download/v1.8.1/chart-releaser_1.8.1_windows_amd64.zip"

[[tools."aqua:helm/chart-testing"]]
version = "3.14.0"
backend = "aqua:helm/chart-testing"

[tools."aqua:helm/chart-testing"."platforms.linux-arm64"]
checksum = "sha256:7b035bbbd0768fba33983e81c15445e33e9c8281d329100852a342ecfd0b16b7"
url = "https://github.com/helm/chart-testing/releases/download/v3.14.0/chart-testing_3.14.0_linux_arm64.tar.gz"

[tools."aqua:helm/chart-testing"."platforms.linux-arm64-musl"]
checksum = "sha256:7b035bbbd0768fba33983e81c15445e33e9c8281d329100852a342ecfd0b16b7"
url = "https://github.com/helm/chart-testing/releases/download/v3.14.0/chart-testing_3.14.0_linux_arm64.tar.gz"

[tools."aqua:helm/chart-testing"."platforms.linux-x64"]
checksum = "sha256:d16f0583616885423826241164ce1f6589c6fe5332fa74f374ebd2bd3cb3fe1f"
url = "https://github.com/helm/chart-testing/releases/download/v3.14.0/chart-testing_3.14.0_linux_amd64.tar.gz"

[tools."aqua:helm/chart-testing"."platforms.linux-x64-musl"]
checksum = "sha256:d16f0583616885423826241164ce1f6589c6fe5332fa74f374ebd2bd3cb3fe1f"
url = "https://github.com/helm/chart-testing/releases/download/v3.14.0/chart-testing_3.14.0_linux_amd64.tar.gz"

[tools."aqua:helm/chart-testing"."platforms.macos-arm64"]
checksum = "sha256:db10dbbb42b110c7a5da5a3202908f32ad2ca6ad600d423426dc7886d09aad07"
url = "https://github.com/helm/chart-testing/releases/download/v3.14.0/chart-testing_3.14.0_darwin_arm64.tar.gz"

[tools."aqua:helm/chart-testing"."platforms.macos-x64"]
checksum = "sha256:6dbad5d05a357f6837764c0620c84e707c81189d6f5e9946643276848f5f7116"
url = "https://github.com/helm/chart-testing/releases/download/v3.14.0/chart-testing_3.14.0_darwin_amd64.tar.gz"

[tools."aqua:helm/chart-testing"."platforms.windows-x64"]
checksum = "sha256:0720a57213521a627d74cb2fe3da16197fd5c8dd382c01cdb0b20682a5df98d9"
url = "https://github.com/helm/chart-testing/releases/download/v3.14.0/chart-testing_3.14.0_windows_amd64.zip"

[[tools."cargo:tree-sitter-cli"]]
version = "0.26.11"
backend = "cargo:tree-sitter-cli"

[[tools."github:microsoft/waza"]]
version = "azd-ext-microsoft-azd-waza_0.38.3"
backend = "github:microsoft/waza"

[tools."github:microsoft/waza"."platforms.linux-arm64"]
checksum = "sha256:98defba4e3c285ec34fbd275d92bc92d010514a33f39764ffe0313275470e583"
url = "https://github.com/microsoft/waza/releases/download/azd-ext-microsoft-azd-waza_0.38.3/microsoft-azd-waza-linux-arm64.tar.gz"
url_api = "https://api.github.com/repos/microsoft/waza/releases/assets/480559118"

[tools."github:microsoft/waza"."platforms.linux-arm64-musl"]
checksum = "sha256:98defba4e3c285ec34fbd275d92bc92d010514a33f39764ffe0313275470e583"
url = "https://github.com/microsoft/waza/releases/download/azd-ext-microsoft-azd-waza_0.38.3/microsoft-azd-waza-linux-arm64.tar.gz"
url_api = "https://api.github.com/repos/microsoft/waza/releases/assets/480559118"

[tools."github:microsoft/waza"."platforms.linux-x64"]
checksum = "sha256:490a6fd5eebd7b00ea1d1fd21aee9512f07092019023907f2559797833726c1c"
url = "https://github.com/microsoft/waza/releases/download/azd-ext-microsoft-azd-waza_0.38.3/microsoft-azd-waza-linux-amd64.tar.gz"
url_api = "https://api.github.com/repos/microsoft/waza/releases/assets/480559025"

[tools."github:microsoft/waza"."platforms.linux-x64-musl"]
checksum = "sha256:490a6fd5eebd7b00ea1d1fd21aee9512f07092019023907f2559797833726c1c"
url = "https://github.com/microsoft/waza/releases/download/azd-ext-microsoft-azd-waza_0.38.3/microsoft-azd-waza-linux-amd64.tar.gz"
url_api = "https://api.github.com/repos/microsoft/waza/releases/assets/480559025"

[tools."github:microsoft/waza"."platforms.macos-arm64"]
checksum = "sha256:d1077fb8bb7081a86e72a2f95574bc986fc5533c74a4c033e794c95e257de5b0"
url = "https://github.com/microsoft/waza/releases/download/azd-ext-microsoft-azd-waza_0.38.3/microsoft-azd-waza-darwin-arm64.zip"
url_api = "https://api.github.com/repos/microsoft/waza/releases/assets/480559024"

[tools."github:microsoft/waza"."platforms.macos-x64"]
checksum = "sha256:fd0dcb46fe932c4da6dea995c41fa3887008237abb80ddbf82126e0d0aba9936"
url = "https://github.com/microsoft/waza/releases/download/azd-ext-microsoft-azd-waza_0.38.3/microsoft-azd-waza-darwin-amd64.zip"
url_api = "https://api.github.com/repos/microsoft/waza/releases/assets/480559023"

[tools."github:microsoft/waza"."platforms.windows-x64"]
checksum = "sha256:92fa7e3ea44360db6a8dd30d790d53ccb13ce29dc8e2819b831f1926fc6d1809"
url = "https://github.com/microsoft/waza/releases/download/azd-ext-microsoft-azd-waza_0.38.3/microsoft-azd-waza-windows-amd64.zip"
url_api = "https://api.github.com/repos/microsoft/waza/releases/assets/480559022"

[[tools."go:github.com/chrishrb/go-grip"]]
version = "0.9.2"
backend = "go:github.com/chrishrb/go-grip"

[[tools."go:github.com/golangci/golangci-lint/cmd/golangci-lint"]]
version = "1.64.8"
backend = "go:github.com/golangci/golangci-lint/cmd/golangci-lint"

[[tools."go:github.com/golangci/golangci-lint/v2/cmd/golangci-lint"]]
version = "2.12.2"
backend = "go:github.com/golangci/golangci-lint/v2/cmd/golangci-lint"

[[tools."go:github.com/mattn/memo"]]
version = "0.0.22"
backend = "go:github.com/mattn/memo"

[[tools."go:github.com/nametake/golangci-lint-langserver"]]
version = "0.0.12"
backend = "go:github.com/nametake/golangci-lint-langserver"

[[tools."go:github.com/ngicks/cmdman/cmd/cmdman"]]
version = "0.0.15"
backend = "go:github.com/ngicks/cmdman/cmd/cmdman"

[[tools."go:github.com/ngicks/crabswarm/cmd/crabswarm"]]
version = "0.0.11"
backend = "go:github.com/ngicks/crabswarm/cmd/crabswarm"

[[tools."go:github.com/ngicks/dotfiles-tool/podman-static-dist/cmd/podman-static-dist"]]
version = "0.0.2"
backend = "go:github.com/ngicks/dotfiles-tool/podman-static-dist/cmd/podman-static-dist"

[[tools."go:github.com/ngicks/go-ngcheckers/cmd/ngcheckers"]]
version = "0.0.3"
backend = "go:github.com/ngicks/go-ngcheckers/cmd/ngcheckers"

[[tools."go:github.com/ngicks/oci-image-copy/cmd/oci-image-copy"]]
version = "0.0.1"
backend = "go:github.com/ngicks/oci-image-copy/cmd/oci-image-copy"

[[tools."go:github.com/ngicks/run-in-tmux-popup/cmd/tmux-popup-pinentry-curses"]]
version = "0.0.0-20260713114403-6ed9be4a10a5"
backend = "go:github.com/ngicks/run-in-tmux-popup/cmd/tmux-popup-pinentry-curses"

[[tools."go:github.com/ngicks/run-in-tmux-popup/cmd/zellij-popup-pinentry-curses"]]
version = "0.0.0-20260713114403-6ed9be4a10a5"
backend = "go:github.com/ngicks/run-in-tmux-popup/cmd/zellij-popup-pinentry-curses"

[[tools."go:golang.org/dl/gotip"]]
version = "0.0.0-20260707194042-2a89cd203549"
backend = "go:golang.org/dl/gotip"

[[tools."go:golang.org/x/pkgsite/cmd/pkgsite"]]
version = "0.3.0"
backend = "go:golang.org/x/pkgsite/cmd/pkgsite"

[[tools."moon:https://github.com/ngicks/dotfiles-tool#dotfilesmgr"]]
version = "0.0.2"
backend = "moon:https://github.com/ngicks/dotfiles-tool#dotfilesmgr"

[[tools."npm:@openai/codex"]]
version = "0.145.0"
backend = "npm:@openai/codex"

[[tools."npm:@upstash/context7-mcp"]]
version = "3.2.4"
backend = "npm:@upstash/context7-mcp"

[[tools."npm:difit"]]
version = "5.0.8"
backend = "npm:difit"

[[tools."npm:zenn-cli"]]
version = "0.5.2"
backend = "npm:zenn-cli"

[[tools."pipx:apm-cli"]]
version = "0.26.0"
backend = "pipx:apm-cli"

[[tools."pipx:huggingface_hub"]]
version = "1.24.0"
backend = "pipx:huggingface_hub"

[[tools.ruff]]
version = "0.15.22"
backend = "aqua:astral-sh/ruff"

[tools.ruff."platforms.linux-arm64"]
checksum = "sha256:88feb2dc2fafb92482185201f4d483134fbaab10370c79512d3dd372f1d3f28b"
url = "https://github.com/astral-sh/ruff/releases/download/0.15.22/ruff-aarch64-unknown-linux-musl.tar.gz"
url_api = "https://api.github.com/repos/astral-sh/ruff/releases/assets/479313917"
provenance = "github-attestations"

[tools.ruff."platforms.linux-arm64-musl"]
checksum = "sha256:88feb2dc2fafb92482185201f4d483134fbaab10370c79512d3dd372f1d3f28b"
url = "https://github.com/astral-sh/ruff/releases/download/0.15.22/ruff-aarch64-unknown-linux-musl.tar.gz"
url_api = "https://api.github.com/repos/astral-sh/ruff/releases/assets/479313917"
provenance = "github-attestations"

[tools.ruff."platforms.linux-x64"]
checksum = "sha256:853462df618fb9f156a9f04d9d899d9e5a9e1a43fbffaec72df4bb159348e71b"
url = "https://github.com/astral-sh/ruff/releases/download/0.15.22/ruff-x86_64-unknown-linux-musl.tar.gz"
url_api = "https://api.github.com/repos/astral-sh/ruff/releases/assets/479314045"
provenance = "github-attestations"

[tools.ruff."platforms.linux-x64-musl"]
checksum = "sha256:853462df618fb9f156a9f04d9d899d9e5a9e1a43fbffaec72df4bb159348e71b"
url = "https://github.com/astral-sh/ruff/releases/download/0.15.22/ruff-x86_64-unknown-linux-musl.tar.gz"
url_api = "https://api.github.com/repos/astral-sh/ruff/releases/assets/479314045"
provenance = "github-attestations"

[tools.ruff."platforms.macos-arm64"]
checksum = "sha256:a2881af26fd1d19f4932c4ddf1e70b4e0efcf48513c5dae082564e03f0b467a3"
url = "https://github.com/astral-sh/ruff/releases/download/0.15.22/ruff-aarch64-apple-darwin.tar.gz"
url_api = "https://api.github.com/repos/astral-sh/ruff/releases/assets/479313898"
provenance = "github-attestations"

[tools.ruff."platforms.macos-x64"]
checksum = "sha256:687a9ceb88ab85dab061026d5017218225a481121b1a40862cc8f92b56f18090"
url = "https://github.com/astral-sh/ruff/releases/download/0.15.22/ruff-x86_64-apple-darwin.tar.gz"
url_api = "https://api.github.com/repos/astral-sh/ruff/releases/assets/479314007"
provenance = "github-attestations"

[tools.ruff."platforms.windows-x64"]
checksum = "sha256:6e5419593984941405e9add902e89c6ea4af87d97919ac5ef82e1bc4e43bbd8d"
url = "https://github.com/astral-sh/ruff/releases/download/0.15.22/ruff-x86_64-pc-windows-msvc.zip"
url_api = "https://api.github.com/repos/astral-sh/ruff/releases/assets/479314019"
provenance = "github-attestations"
