# @generated - this file is auto-generated by `mise lock` https://mise.en.dev/dev-tools/mise-lock.html

[[tools."aqua:anomalyco/opencode"]]
version = "1.18.32"
backend = "aqua:anomalyco/opencode"

[tools."aqua:anomalyco/opencode"."platforms.linux-arm64"]
checksum = "sha256:568461b7d4d8c19865c97e9a1102e613049c6039d01fe772154de873c1865840"
url = "https://github.com/anomalyco/opencode/releases/download/v1.18.32/opencode-linux-arm64.tar.gz"
url_api = "https://api.github.com/repos/anomalyco/opencode/releases/assets/580000055"

[tools."aqua:anomalyco/opencode"."platforms.linux-arm64-musl"]
checksum = "sha256:abf302edbc996548e28417dcdf7f67109fd95c7344f813a312633a818986204d"
url = "https://github.com/anomalyco/opencode/releases/download/v1.18.32/opencode-linux-arm64-musl.tar.gz"
url_api = "https://api.github.com/repos/anomalyco/opencode/releases/assets/580000150"

[tools."aqua:anomalyco/opencode"."platforms.linux-x64"]
checksum = "sha256:3046e0404fdc60fb80307e7a47824ba07477364178a4d09baa8548496dd6d43b"
url = "https://github.com/anomalyco/opencode/releases/download/v1.18.32/opencode-linux-x64.tar.gz"
url_api = "https://api.github.com/repos/anomalyco/opencode/releases/assets/580000044"

[tools."aqua:anomalyco/opencode"."platforms.linux-x64-musl"]
checksum = "sha256:1ce4699c8a9470ad806fa824112cd30b5d51b4038c29231189486302ef394d94"
url = "https://github.com/anomalyco/opencode/releases/download/v1.18.32/opencode-linux-x64-musl.tar.gz"
url_api = "https://api.github.com/repos/anomalyco/opencode/releases/assets/580000043"

[tools."aqua:anomalyco/opencode"."platforms.macos-arm64"]
checksum = "sha256:fa643f93401c13508d8d513780e54ce9cc01203d501114be9b88d62408b8101f"
url = "https://github.com/anomalyco/opencode/releases/download/v1.18.32/opencode-darwin-arm64.zip"
url_api = "https://api.github.com/repos/anomalyco/opencode/releases/assets/579999982"

[tools."aqua:anomalyco/opencode"."platforms.macos-x64"]
checksum = "sha256:a24bf10499382f8855e19d2a081b8683e4ab99c7c2affb32dc89b17c8a00ccd6"
url = "https://github.com/anomalyco/opencode/releases/download/v1.18.32/opencode-darwin-x64.zip"
url_api = "https://api.github.com/repos/anomalyco/opencode/releases/assets/579999983"

[tools."aqua:anomalyco/opencode"."platforms.windows-x64"]
checksum = "sha256:1483c72d5adced825590a0ecf8cc18b3e87e535960a125dbf539d33bce135d0f"
url = "https://github.com/anomalyco/opencode/releases/download/v1.18.32/opencode-windows-x64.zip"
url_api = "https://api.github.com/repos/anomalyco/opencode/releases/assets/580003748"

[[tools."aqua:helm/chart-releaser"]]
version = "1.8.1"
backend = "aqua:helm/chart-releaser"

[tools."aqua:helm/chart-releaser"."platforms.linux-arm64"]
checksum = "sha256:03811896f65f73faffa63aa24f54ac4fed73e088418d0582723917b69c2a280b"
url = "https://github.com/helm/chart-releaser/releases/download/v1.8.1/chart-releaser_1.8.1_linux_arm64.tar.gz"
url_api = "https://api.github.com/repos/helm/chart-releaser/releases/assets/260239695"

[tools."aqua:helm/chart-releaser"."platforms.linux-arm64-musl"]
checksum = "sha256:03811896f65f73faffa63aa24f54ac4fed73e088418d0582723917b69c2a280b"
url = "https://github.com/helm/chart-releaser/releases/download/v1.8.1/chart-releaser_1.8.1_linux_arm64.tar.gz"
url_api = "https://api.github.com/repos/helm/chart-releaser/releases/assets/260239695"

[tools."aqua:helm/chart-releaser"."platforms.linux-x64"]
checksum = "sha256:834046b27b00cd6ba451326875c1937d4f2b671063c2053e031434ade73002b5"
url = "https://github.com/helm/chart-releaser/releases/download/v1.8.1/chart-releaser_1.8.1_linux_amd64.tar.gz"
url_api = "https://api.github.com/repos/helm/chart-releaser/releases/assets/260239734"

[tools."aqua:helm/chart-releaser"."platforms.linux-x64-musl"]
checksum = "sha256:834046b27b00cd6ba451326875c1937d4f2b671063c2053e031434ade73002b5"
url = "https://github.com/helm/chart-releaser/releases/download/v1.8.1/chart-releaser_1.8.1_linux_amd64.tar.gz"
url_api = "https://api.github.com/repos/helm/chart-releaser/releases/assets/260239734"

[tools."aqua:helm/chart-releaser"."platforms.macos-arm64"]
checksum = "sha256:d957e23f012650cf7ddf6c907688358d572e4a1b8e0e64b31f4b4c03472a0e4b"
url = "https://github.com/helm/chart-releaser/releases/download/v1.8.1/chart-releaser_1.8.1_darwin_arm64.tar.gz"
url_api = "https://api.github.com/repos/helm/chart-releaser/releases/assets/260239694"

[tools."aqua:helm/chart-releaser"."platforms.macos-x64"]
checksum = "sha256:4209b5f28b309301fd7b4bfed5316b5c97f31c10969e6afb7a0eb9ab2d168244"
url = "https://github.com/helm/chart-releaser/releases/download/v1.8.1/chart-releaser_1.8.1_darwin_amd64.tar.gz"
url_api = "https://api.github.com/repos/helm/chart-releaser/releases/assets/260239727"

[tools."aqua:helm/chart-releaser"."platforms.windows-x64"]
checksum = "sha256:3db750018dc6aa7908b439ff063a89e2519e45cb5971ebb34090bc47eaf6e469"
url = "https://github.com/helm/chart-releaser/releases/download/v1.8.1/chart-releaser_1.8.1_windows_amd64.zip"
url_api = "https://api.github.com/repos/helm/chart-releaser/releases/assets/260239735"

[[tools."aqua:helm/chart-testing"]]
version = "3.14.0"
backend = "aqua:helm/chart-testing"

[tools."aqua:helm/chart-testing"."platforms.linux-arm64"]
checksum = "sha256:7b035bbbd0768fba33983e81c15445e33e9c8281d329100852a342ecfd0b16b7"
url = "https://github.com/helm/chart-testing/releases/download/v3.14.0/chart-testing_3.14.0_linux_arm64.tar.gz"
url_api = "https://api.github.com/repos/helm/chart-testing/releases/assets/301945188"

[tools."aqua:helm/chart-testing"."platforms.linux-arm64-musl"]
checksum = "sha256:7b035bbbd0768fba33983e81c15445e33e9c8281d329100852a342ecfd0b16b7"
url = "https://github.com/helm/chart-testing/releases/download/v3.14.0/chart-testing_3.14.0_linux_arm64.tar.gz"
url_api = "https://api.github.com/repos/helm/chart-testing/releases/assets/301945188"

[tools."aqua:helm/chart-testing"."platforms.linux-x64"]
checksum = "sha256:d16f0583616885423826241164ce1f6589c6fe5332fa74f374ebd2bd3cb3fe1f"
url = "https://github.com/helm/chart-testing/releases/download/v3.14.0/chart-testing_3.14.0_linux_amd64.tar.gz"
url_api = "https://api.github.com/repos/helm/chart-testing/releases/assets/301945176"

[tools."aqua:helm/chart-testing"."platforms.linux-x64-musl"]
checksum = "sha256:d16f0583616885423826241164ce1f6589c6fe5332fa74f374ebd2bd3cb3fe1f"
url = "https://github.com/helm/chart-testing/releases/download/v3.14.0/chart-testing_3.14.0_linux_amd64.tar.gz"
url_api = "https://api.github.com/repos/helm/chart-testing/releases/assets/301945176"

[tools."aqua:helm/chart-testing"."platforms.macos-arm64"]
checksum = "sha256:db10dbbb42b110c7a5da5a3202908f32ad2ca6ad600d423426dc7886d09aad07"
url = "https://github.com/helm/chart-testing/releases/download/v3.14.0/chart-testing_3.14.0_darwin_arm64.tar.gz"
url_api = "https://api.github.com/repos/helm/chart-testing/releases/assets/301945187"

[tools."aqua:helm/chart-testing"."platforms.macos-x64"]
checksum = "sha256:6dbad5d05a357f6837764c0620c84e707c81189d6f5e9946643276848f5f7116"
url = "https://github.com/helm/chart-testing/releases/download/v3.14.0/chart-testing_3.14.0_darwin_amd64.tar.gz"
url_api = "https://api.github.com/repos/helm/chart-testing/releases/assets/301945185"

[tools."aqua:helm/chart-testing"."platforms.windows-x64"]
checksum = "sha256:0720a57213521a627d74cb2fe3da16197fd5c8dd382c01cdb0b20682a5df98d9"
url = "https://github.com/helm/chart-testing/releases/download/v3.14.0/chart-testing_3.14.0_windows_amd64.zip"
url_api = "https://api.github.com/repos/helm/chart-testing/releases/assets/301945177"

[[tools."aqua:openai/codex"]]
version = "0.156.1"
backend = "aqua:openai/codex"

[tools."aqua:openai/codex"."platforms.linux-arm64"]
checksum = "sha256:fdd47ed6aade0360796fd3f6f95a45096f327c15e19e8c7339f9dc5633041786"
url = "https://github.com/openai/codex/releases/download/rust-v0.156.1/codex-package-aarch64-unknown-linux-musl.tar.gz"
url_api = "https://api.github.com/repos/openai/codex/releases/assets/582791754"

[tools."aqua:openai/codex"."platforms.linux-arm64-musl"]
checksum = "sha256:fdd47ed6aade0360796fd3f6f95a45096f327c15e19e8c7339f9dc5633041786"
url = "https://github.com/openai/codex/releases/download/rust-v0.156.1/codex-package-aarch64-unknown-linux-musl.tar.gz"
url_api = "https://api.github.com/repos/openai/codex/releases/assets/582791754"

[tools."aqua:openai/codex"."platforms.linux-x64"]
checksum = "sha256:8b711520beddf385467b8da4d2c93736637c6ba1e46811cf0d8606b7c490b6f6"
url = "https://github.com/openai/codex/releases/download/rust-v0.156.1/codex-package-x86_64-unknown-linux-musl.tar.gz"
url_api = "https://api.github.com/repos/openai/codex/releases/assets/582785983"

[tools."aqua:openai/codex"."platforms.linux-x64-musl"]
checksum = "sha256:8b711520beddf385467b8da4d2c93736637c6ba1e46811cf0d8606b7c490b6f6"
url = "https://github.com/openai/codex/releases/download/rust-v0.156.1/codex-package-x86_64-unknown-linux-musl.tar.gz"
url_api = "https://api.github.com/repos/openai/codex/releases/assets/582785983"

[tools."aqua:openai/codex"."platforms.macos-arm64"]
checksum = "sha256:fea42f9625091f011e38f059da974d52e57ba31831648bb1c7f0b1a385fde547"
url = "https://github.com/openai/codex/releases/download/rust-v0.156.1/codex-package-aarch64-apple-darwin.tar.gz"
url_api = "https://api.github.com/repos/openai/codex/releases/assets/582795411"

[tools."aqua:openai/codex"."platforms.macos-x64"]
checksum = "sha256:618dbcd55419fa041871f777a14b107ceb3fe2d339ef81e21e6ab5374420dc71"
url = "https://github.com/openai/codex/releases/download/rust-v0.156.1/codex-package-x86_64-apple-darwin.tar.gz"
url_api = "https://api.github.com/repos/openai/codex/releases/assets/582789045"

[tools."aqua:openai/codex"."platforms.windows-x64"]
checksum = "sha256:a2e017db9807e6a2269a26fea0e1d9546469cef4d472a33016bc9f3ad7d3b733"
url = "https://github.com/openai/codex/releases/download/rust-v0.156.1/codex-package-x86_64-pc-windows-msvc.tar.gz"
url_api = "https://api.github.com/repos/openai/codex/releases/assets/582787444"

[[tools."cargo:tree-sitter-cli"]]
version = "0.27.0"
backend = "cargo:tree-sitter-cli"

[[tools."github:gastownhall/beads"]]
version = "1.3.0"
backend = "github:gastownhall/beads"

[tools."github:gastownhall/beads".options]
matching_regex = "^beads_.*_(linux|darwin|windows)_"
version_prefix = "v"

[tools."github:gastownhall/beads"."platforms.linux-arm64"]
checksum = "sha256:4ce9446a68edc13202b76c84a47d66fb3dad2787b6464c9522a108faf9c1c608"
url = "https://github.com/gastownhall/beads/releases/download/v1.3.0/beads_1.3.0_linux_arm64.tar.gz"
url_api = "https://api.github.com/repos/gastownhall/beads/releases/assets/566364067"
provenance = "github-attestations"

[tools."github:gastownhall/beads"."platforms.linux-arm64-musl"]
checksum = "sha256:4ce9446a68edc13202b76c84a47d66fb3dad2787b6464c9522a108faf9c1c608"
url = "https://github.com/gastownhall/beads/releases/download/v1.3.0/beads_1.3.0_linux_arm64.tar.gz"
url_api = "https://api.github.com/repos/gastownhall/beads/releases/assets/566364067"
provenance = "github-attestations"

[tools."github:gastownhall/beads"."platforms.linux-x64"]
checksum = "sha256:2f92b904ecf35b607e44dc5c39229173af69c54f1183e8d709f1773540cdcf3b"
url = "https://github.com/gastownhall/beads/releases/download/v1.3.0/beads_1.3.0_linux_amd64.tar.gz"
url_api = "https://api.github.com/repos/gastownhall/beads/releases/assets/566364019"
provenance = "github-attestations"
provenance_verified = true

[tools."github:gastownhall/beads"."platforms.linux-x64-musl"]
checksum = "sha256:2f92b904ecf35b607e44dc5c39229173af69c54f1183e8d709f1773540cdcf3b"
url = "https://github.com/gastownhall/beads/releases/download/v1.3.0/beads_1.3.0_linux_amd64.tar.gz"
url_api = "https://api.github.com/repos/gastownhall/beads/releases/assets/566364019"
provenance = "github-attestations"

[tools."github:gastownhall/beads"."platforms.macos-arm64"]
checksum = "sha256:7cc77367d0b84c50243a1108bc1f73648699211257d414b917540bf868e6bb85"
url = "https://github.com/gastownhall/beads/releases/download/v1.3.0/beads_1.3.0_darwin_arm64.tar.gz"
url_api = "https://api.github.com/repos/gastownhall/beads/releases/assets/566378329"
provenance = "github-attestations"

[tools."github:gastownhall/beads"."platforms.macos-x64"]
checksum = "sha256:dfd8a6918bc2a58a0dbc727f7e4039766e323dfa15e4ccab250d640851e290d5"
url = "https://github.com/gastownhall/beads/releases/download/v1.3.0/beads_1.3.0_darwin_amd64.tar.gz"
url_api = "https://api.github.com/repos/gastownhall/beads/releases/assets/566378411"
provenance = "github-attestations"

[tools."github:gastownhall/beads"."platforms.windows-x64"]
checksum = "sha256:fa4c72c5d27f68f906e89a759656b5a051b330088c4acc38fa445cbb561e5cdf"
url = "https://github.com/gastownhall/beads/releases/download/v1.3.0/beads_1.3.0_windows_amd64.zip"
url_api = "https://api.github.com/repos/gastownhall/beads/releases/assets/566364168"
provenance = "github-attestations"

[[tools."github:microsoft/waza"]]
version = "0.38.7"
backend = "github:microsoft/waza"

[tools."github:microsoft/waza".options]
matching_regex = "^waza-(linux|darwin|windows)-"
version_prefix = "v"

[tools."github:microsoft/waza"."platforms.linux-arm64"]
checksum = "sha256:142ea836bbc8324154f52d3278cb7c9a9fa4e1be7480b44d3841309b56f7b039"
url = "https://github.com/microsoft/waza/releases/download/v0.38.7/waza-linux-arm64"
url_api = "https://api.github.com/repos/microsoft/waza/releases/assets/520984886"

[tools."github:microsoft/waza"."platforms.linux-arm64-musl"]
checksum = "sha256:142ea836bbc8324154f52d3278cb7c9a9fa4e1be7480b44d3841309b56f7b039"
url = "https://github.com/microsoft/waza/releases/download/v0.38.7/waza-linux-arm64"
url_api = "https://api.github.com/repos/microsoft/waza/releases/assets/520984886"

[tools."github:microsoft/waza"."platforms.linux-x64"]
checksum = "sha256:e227cd884173de796bc28c6cb1828498f250297e0e606a4e4504d14465ff879f"
url = "https://github.com/microsoft/waza/releases/download/v0.38.7/waza-linux-amd64"
url_api = "https://api.github.com/repos/microsoft/waza/releases/assets/520984881"

[tools."github:microsoft/waza"."platforms.linux-x64-musl"]
checksum = "sha256:e227cd884173de796bc28c6cb1828498f250297e0e606a4e4504d14465ff879f"
url = "https://github.com/microsoft/waza/releases/download/v0.38.7/waza-linux-amd64"
url_api = "https://api.github.com/repos/microsoft/waza/releases/assets/520984881"

[tools."github:microsoft/waza"."platforms.macos-arm64"]
checksum = "sha256:82a4f44c7d95b13e54607ab0bb9da618bb134c51c94a64be73bedbf7bcd4e778"
url = "https://github.com/microsoft/waza/releases/download/v0.38.7/waza-darwin-arm64"
url_api = "https://api.github.com/repos/microsoft/waza/releases/assets/520984880"

[tools."github:microsoft/waza"."platforms.macos-x64"]
checksum = "sha256:e282ae6cc2f819125e8e5aaf2351caf8e066c74a853c7cdf1591cd4fb4657a1a"
url = "https://github.com/microsoft/waza/releases/download/v0.38.7/waza-darwin-amd64"
url_api = "https://api.github.com/repos/microsoft/waza/releases/assets/520984885"

[tools."github:microsoft/waza"."platforms.windows-x64"]
checksum = "sha256:451d05c510341019e71c8e94d2ff4ed9f809f8f198bcf5fc31ab31038c5076c9"
url = "https://github.com/microsoft/waza/releases/download/v0.38.7/waza-windows-amd64.exe"
url_api = "https://api.github.com/repos/microsoft/waza/releases/assets/520984898"

[[tools."go:github.com/chrishrb/go-grip"]]
version = "0.10.0"
backend = "go:github.com/chrishrb/go-grip"

[[tools."go:github.com/golangci/golangci-lint/cmd/golangci-lint"]]
version = "1.64.8"
backend = "go:github.com/golangci/golangci-lint/cmd/golangci-lint"

[[tools."go:github.com/golangci/golangci-lint/v2/cmd/golangci-lint"]]
version = "2.13.2"
backend = "go:github.com/golangci/golangci-lint/v2/cmd/golangci-lint"

[[tools."go:github.com/mattn/memo"]]
version = "0.0.22"
backend = "go:github.com/mattn/memo"

[[tools."go:github.com/nametake/golangci-lint-langserver"]]
version = "0.0.12"
backend = "go:github.com/nametake/golangci-lint-langserver"

[[tools."go:github.com/ngicks/cmdman/cmd/cmdman"]]
version = "0.0.26"
backend = "go:github.com/ngicks/cmdman/cmd/cmdman"

[[tools."go:github.com/ngicks/crabswarm/cmd/crabswarm"]]
version = "0.0.23"
backend = "go:github.com/ngicks/crabswarm/cmd/crabswarm"

[[tools."go:github.com/ngicks/dotfiles-tool/podman-static-dist/cmd/podman-static-dist"]]
version = "0.0.6"
backend = "go:github.com/ngicks/dotfiles-tool/podman-static-dist/cmd/podman-static-dist"

[[tools."go:github.com/ngicks/go-ngcheckers/cmd/ngcheckers"]]
version = "0.0.3"
backend = "go:github.com/ngicks/go-ngcheckers/cmd/ngcheckers"

[[tools."go:github.com/ngicks/oci-image-copy/cmd/oci-image-copy"]]
version = "0.0.1"
backend = "go:github.com/ngicks/oci-image-copy/cmd/oci-image-copy"

[[tools."go:github.com/ngicks/run-in-tmux-popup/cmd/run-in-popup"]]
version = "0.0.4"
backend = "go:github.com/ngicks/run-in-tmux-popup/cmd/run-in-popup"

[[tools."go:golang.org/dl/gotip"]]
version = "0.0.0-20260901195035-4393e4265563"
backend = "go:golang.org/dl/gotip"

[[tools."go:golang.org/x/pkgsite/cmd/pkgsite"]]
version = "0.5.0"
backend = "go:golang.org/x/pkgsite/cmd/pkgsite"

[[tools.hk]]
version = "2.1.0"
backend = "aqua:jdx/hk"

[tools.hk."platforms.linux-arm64"]
checksum = "sha256:7ffb155147a8a9dae1b571fb31a5d19a35d0175afb5fe3e5b2c652ebf67feb9f"
url = "https://github.com/jdx/hk/releases/download/v2.1.0/hk-aarch64-unknown-linux-gnu.tar.gz"
url_api = "https://api.github.com/repos/jdx/hk/releases/assets/583539437"

[tools.hk."platforms.linux-arm64-musl"]
checksum = "sha256:8417655fd02f8311bcad9efab7594d4b6d7cca1c4d00cd1576f12ad5e40dac06"
url = "https://github.com/jdx/hk/releases/download/v2.1.0/hk-aarch64-unknown-linux-musl.tar.gz"
url_api = "https://api.github.com/repos/jdx/hk/releases/assets/583539440"

[tools.hk."platforms.linux-x64"]
checksum = "sha256:7a7b28741d16f777d8be90fbcd8523996ee95c2d5222d5b173652d9b37e31969"
url = "https://github.com/jdx/hk/releases/download/v2.1.0/hk-x86_64-unknown-linux-gnu.tar.gz"
url_api = "https://api.github.com/repos/jdx/hk/releases/assets/583539481"

[tools.hk."platforms.linux-x64-musl"]
checksum = "sha256:ab5a8fa2819fe3a1762576ac557b9797e1fe587b41a1f93c50e4dfa9f5b89e76"
url = "https://github.com/jdx/hk/releases/download/v2.1.0/hk-x86_64-unknown-linux-musl.tar.gz"
url_api = "https://api.github.com/repos/jdx/hk/releases/assets/583539492"

[tools.hk."platforms.macos-arm64"]
checksum = "sha256:b30c6fb4447b5a9c24f9f80d165dca2d2e682907b8acb8222391e0527fea1ebe"
url = "https://github.com/jdx/hk/releases/download/v2.1.0/hk-aarch64-apple-darwin.tar.gz"
url_api = "https://api.github.com/repos/jdx/hk/releases/assets/583539442"

[tools.hk."platforms.windows-x64"]
checksum = "sha256:c0344c09c76f7e25985c4770148130881b19313393d238949e5512ec3691fac3"
url = "https://github.com/jdx/hk/releases/download/v2.1.0/hk-x86_64-pc-windows-msvc.zip"
url_api = "https://api.github.com/repos/jdx/hk/releases/assets/583539446"

[[tools."moon:https://github.com/ngicks/dotfiles-tool#dotfilesmgr"]]
version = "0.0.3"
backend = "moon:https://github.com/ngicks/dotfiles-tool#dotfilesmgr"

[[tools."npm:@marp-team/marp-cli"]]
version = "4.5.1"
backend = "npm:@marp-team/marp-cli"

[[tools."npm:@mermaid-lint/cli"]]
version = "0.53.1"
backend = "npm:@mermaid-lint/cli"

[tools."npm:@mermaid-lint/cli".options]
trust_policy_excludes = '["cytoscape@3.34.1"]'

[[tools."npm:@slidev/cli"]]
version = "53.0.0"
backend = "npm:@slidev/cli"

[tools."npm:@slidev/cli".options]
trust_policy_excludes = '["cytoscape@3.34.1"]'

[[tools."npm:zenn-cli"]]
version = "0.5.4"
backend = "npm:zenn-cli"

[[tools."pipx:apm-cli"]]
version = "0.29.0"
backend = "pipx:apm-cli"

[[tools."pipx:huggingface_hub"]]
version = "1.32.0"
backend = "pipx:huggingface_hub"

[[tools.ruff]]
version = "0.16.8"
backend = "aqua:astral-sh/ruff"

[tools.ruff."platforms.linux-arm64"]
checksum = "sha256:57a4e072b6b74a4dd0036b7b253e056bdb70e02c68504ca6f2bfca2707d03fb6"
url = "https://github.com/astral-sh/ruff/releases/download/0.16.8/ruff-aarch64-unknown-linux-musl.tar.gz"
url_api = "https://api.github.com/repos/astral-sh/ruff/releases/assets/568294370"
provenance = "github-attestations"

[tools.ruff."platforms.linux-arm64-musl"]
checksum = "sha256:57a4e072b6b74a4dd0036b7b253e056bdb70e02c68504ca6f2bfca2707d03fb6"
url = "https://github.com/astral-sh/ruff/releases/download/0.16.8/ruff-aarch64-unknown-linux-musl.tar.gz"
url_api = "https://api.github.com/repos/astral-sh/ruff/releases/assets/568294370"
provenance = "github-attestations"

[tools.ruff."platforms.linux-x64"]
checksum = "sha256:e56aa612121de356f37d05f3284cd806081fb72d5dbd4814b3810c5a23c562cc"
url = "https://github.com/astral-sh/ruff/releases/download/0.16.8/ruff-x86_64-unknown-linux-musl.tar.gz"
url_api = "https://api.github.com/repos/astral-sh/ruff/releases/assets/568294522"
provenance = "github-attestations"

[tools.ruff."platforms.linux-x64-musl"]
checksum = "sha256:e56aa612121de356f37d05f3284cd806081fb72d5dbd4814b3810c5a23c562cc"
url = "https://github.com/astral-sh/ruff/releases/download/0.16.8/ruff-x86_64-unknown-linux-musl.tar.gz"
url_api = "https://api.github.com/repos/astral-sh/ruff/releases/assets/568294522"
provenance = "github-attestations"

[tools.ruff."platforms.macos-arm64"]
checksum = "sha256:0ffa53899f2970d24f14fbed8d8265c87180b159b7100794d97a1527dc60fa79"
url = "https://github.com/astral-sh/ruff/releases/download/0.16.8/ruff-aarch64-apple-darwin.tar.gz"
url_api = "https://api.github.com/repos/astral-sh/ruff/releases/assets/568294350"
provenance = "github-attestations"

[tools.ruff."platforms.macos-x64"]
checksum = "sha256:bccb4d49c5c9f7e69fd42df2475730a08a641af31b8e0ee5e775e3dd829c4686"
url = "https://github.com/astral-sh/ruff/releases/download/0.16.8/ruff-x86_64-apple-darwin.tar.gz"
url_api = "https://api.github.com/repos/astral-sh/ruff/releases/assets/568294476"
provenance = "github-attestations"

[tools.ruff."platforms.windows-x64"]
checksum = "sha256:7985e06caf14b0077cb68da41edbf812e1d9654fe4c144d72b71138e96350129"
url = "https://github.com/astral-sh/ruff/releases/download/0.16.8/ruff-x86_64-pc-windows-msvc.zip"
url_api = "https://api.github.com/repos/astral-sh/ruff/releases/assets/568294490"
provenance = "github-attestations"
