# @generated - this file is auto-generated by `mise lock` https://mise.jdx.dev/dev-tools/mise-lock.html

[[tools."aqua:helm/chart-releaser"]]
version = "1.8.1"
backend = "aqua:helm/chart-releaser"

[tools."aqua:helm/chart-releaser"."platforms.linux-arm64"]
checksum = "sha256:03811896f65f73faffa63aa24f54ac4fed73e088418d0582723917b69c2a280b"
url = "https://github.com/helm/chart-releaser/releases/download/v1.8.1/chart-releaser_1.8.1_linux_arm64.tar.gz"

[tools."aqua:helm/chart-releaser"."platforms.linux-arm64-musl"]
checksum = "sha256:03811896f65f73faffa63aa24f54ac4fed73e088418d0582723917b69c2a280b"
url = "https://github.com/helm/chart-releaser/releases/download/v1.8.1/chart-releaser_1.8.1_linux_arm64.tar.gz"

[tools."aqua:helm/chart-releaser"."platforms.linux-x64"]
checksum = "sha256:834046b27b00cd6ba451326875c1937d4f2b671063c2053e031434ade73002b5"
url = "https://github.com/helm/chart-releaser/releases/download/v1.8.1/chart-releaser_1.8.1_linux_amd64.tar.gz"

[tools."aqua:helm/chart-releaser"."platforms.linux-x64-musl"]
checksum = "sha256:834046b27b00cd6ba451326875c1937d4f2b671063c2053e031434ade73002b5"
url = "https://github.com/helm/chart-releaser/releases/download/v1.8.1/chart-releaser_1.8.1_linux_amd64.tar.gz"

[tools."aqua:helm/chart-releaser"."platforms.macos-arm64"]
checksum = "sha256:d957e23f012650cf7ddf6c907688358d572e4a1b8e0e64b31f4b4c03472a0e4b"
url = "https://github.com/helm/chart-releaser/releases/download/v1.8.1/chart-releaser_1.8.1_darwin_arm64.tar.gz"

[tools."aqua:helm/chart-releaser"."platforms.macos-x64"]
checksum = "sha256:4209b5f28b309301fd7b4bfed5316b5c97f31c10969e6afb7a0eb9ab2d168244"
url = "https://github.com/helm/chart-releaser/releases/download/v1.8.1/chart-releaser_1.8.1_darwin_amd64.tar.gz"

[tools."aqua:helm/chart-releaser"."platforms.windows-x64"]
checksum = "sha256:3db750018dc6aa7908b439ff063a89e2519e45cb5971ebb34090bc47eaf6e469"
url = "https://github.com/helm/chart-releaser/releases/download/v1.8.1/chart-releaser_1.8.1_windows_amd64.zip"

[[tools."aqua:helm/chart-testing"]]
version = "3.14.0"
backend = "aqua:helm/chart-testing"

[tools."aqua:helm/chart-testing"."platforms.linux-arm64"]
checksum = "sha256:7b035bbbd0768fba33983e81c15445e33e9c8281d329100852a342ecfd0b16b7"
url = "https://github.com/helm/chart-testing/releases/download/v3.14.0/chart-testing_3.14.0_linux_arm64.tar.gz"

[tools."aqua:helm/chart-testing"."platforms.linux-arm64-musl"]
checksum = "sha256:7b035bbbd0768fba33983e81c15445e33e9c8281d329100852a342ecfd0b16b7"
url = "https://github.com/helm/chart-testing/releases/download/v3.14.0/chart-testing_3.14.0_linux_arm64.tar.gz"

[tools."aqua:helm/chart-testing"."platforms.linux-x64"]
checksum = "sha256:d16f0583616885423826241164ce1f6589c6fe5332fa74f374ebd2bd3cb3fe1f"
url = "https://github.com/helm/chart-testing/releases/download/v3.14.0/chart-testing_3.14.0_linux_amd64.tar.gz"

[tools."aqua:helm/chart-testing"."platforms.linux-x64-musl"]
checksum = "sha256:d16f0583616885423826241164ce1f6589c6fe5332fa74f374ebd2bd3cb3fe1f"
url = "https://github.com/helm/chart-testing/releases/download/v3.14.0/chart-testing_3.14.0_linux_amd64.tar.gz"

[tools."aqua:helm/chart-testing"."platforms.macos-arm64"]
checksum = "sha256:db10dbbb42b110c7a5da5a3202908f32ad2ca6ad600d423426dc7886d09aad07"
url = "https://github.com/helm/chart-testing/releases/download/v3.14.0/chart-testing_3.14.0_darwin_arm64.tar.gz"

[tools."aqua:helm/chart-testing"."platforms.macos-x64"]
checksum = "sha256:6dbad5d05a357f6837764c0620c84e707c81189d6f5e9946643276848f5f7116"
url = "https://github.com/helm/chart-testing/releases/download/v3.14.0/chart-testing_3.14.0_darwin_amd64.tar.gz"

[tools."aqua:helm/chart-testing"."platforms.windows-x64"]
checksum = "sha256:0720a57213521a627d74cb2fe3da16197fd5c8dd382c01cdb0b20682a5df98d9"
url = "https://github.com/helm/chart-testing/releases/download/v3.14.0/chart-testing_3.14.0_windows_amd64.zip"

[[tools."cargo:tree-sitter-cli"]]
version = "0.26.8"
backend = "cargo:tree-sitter-cli"

[[tools."go:github.com/chrishrb/go-grip"]]
version = "0.9.1"
backend = "go:github.com/chrishrb/go-grip"

[[tools."go:github.com/golangci/golangci-lint/cmd/golangci-lint"]]
version = "1.64.8"
backend = "go:github.com/golangci/golangci-lint/cmd/golangci-lint"

[[tools."go:github.com/golangci/golangci-lint/v2/cmd/golangci-lint"]]
version = "2.11.4"
backend = "go:github.com/golangci/golangci-lint/v2/cmd/golangci-lint"

[[tools."go:github.com/mattn/memo"]]
version = "0.0.20"
backend = "go:github.com/mattn/memo"

[[tools."go:github.com/nametake/golangci-lint-langserver"]]
version = "0.0.12"
backend = "go:github.com/nametake/golangci-lint-langserver"

[[tools."npm:@google/gemini-cli"]]
version = "0.38.2"
backend = "npm:@google/gemini-cli"

[[tools."npm:@openai/codex"]]
version = "0.122.0"
backend = "npm:@openai/codex"

[[tools."npm:@upstash/context7-mcp"]]
version = "2.1.8"
backend = "npm:@upstash/context7-mcp"

[[tools."npm:zenn-cli"]]
version = "0.4.7"
backend = "npm:zenn-cli"

[[tools."pipx:apm-cli"]]
version = "0.9.0"
backend = "pipx:apm-cli"

[[tools.ruff]]
version = "0.15.11"
backend = "aqua:astral-sh/ruff"

[tools.ruff."platforms.linux-arm64"]
checksum = "sha256:4d196496a51d4bbefc4a2a65049364c920b470afd320befa20516e59d1c065e2"
url = "https://github.com/astral-sh/ruff/releases/download/0.15.11/ruff-aarch64-unknown-linux-musl.tar.gz"
provenance = "github-attestations"

[tools.ruff."platforms.linux-arm64-musl"]
checksum = "sha256:4d196496a51d4bbefc4a2a65049364c920b470afd320befa20516e59d1c065e2"
url = "https://github.com/astral-sh/ruff/releases/download/0.15.11/ruff-aarch64-unknown-linux-musl.tar.gz"
provenance = "github-attestations"

[tools.ruff."platforms.linux-x64"]
checksum = "sha256:ea286f17b66054a3aac2672158b9ac194030d89043ff108357edd9b20123219a"
url = "https://github.com/astral-sh/ruff/releases/download/0.15.11/ruff-x86_64-unknown-linux-musl.tar.gz"
provenance = "github-attestations"

[tools.ruff."platforms.linux-x64-musl"]
checksum = "sha256:ea286f17b66054a3aac2672158b9ac194030d89043ff108357edd9b20123219a"
url = "https://github.com/astral-sh/ruff/releases/download/0.15.11/ruff-x86_64-unknown-linux-musl.tar.gz"
provenance = "github-attestations"

[tools.ruff."platforms.macos-arm64"]
checksum = "sha256:89cd4370b5c5d7ab01f436bd5d878293c9858e4e964a3da3013c49549198dc8b"
url = "https://github.com/astral-sh/ruff/releases/download/0.15.11/ruff-aarch64-apple-darwin.tar.gz"
provenance = "github-attestations"

[tools.ruff."platforms.macos-x64"]
checksum = "sha256:c6f2c36fc5f3d14ffc2db1e205aa69756de485771f39848afe848c16b8a1a648"
url = "https://github.com/astral-sh/ruff/releases/download/0.15.11/ruff-x86_64-apple-darwin.tar.gz"
provenance = "github-attestations"

[tools.ruff."platforms.windows-x64"]
checksum = "sha256:d1f76eac07c279aafc594d9ba4c6f658f7cb433002aeeadbe2959229fc368881"
url = "https://github.com/astral-sh/ruff/releases/download/0.15.11/ruff-x86_64-pc-windows-msvc.zip"
provenance = "github-attestations"
