[[tools."aqua:FiloSottile/age"]]
version = "1.3.1"
backend = "aqua:FiloSottile/age"
"platforms.linux-arm64" = { checksum = "sha256:c6878a324421b69e3e20b00ba17c04bc5c6dab0030cfe55bf8f68fa8d9e9093a", url = "https://github.com/FiloSottile/age/releases/download/v1.3.1/age-v1.3.1-linux-arm64.tar.gz"}
"platforms.linux-x64" = { checksum = "sha256:bdc69c09cbdd6cf8b1f333d372a1f58247b3a33146406333e30c0f26e8f51377", url = "https://github.com/FiloSottile/age/releases/download/v1.3.1/age-v1.3.1-linux-amd64.tar.gz"}
"platforms.macos-arm64" = { checksum = "sha256:01120ea2cbf0463d4c6bd767f99f3271bbed1cdc8a9aa718a76ba1fe4f01998b", url = "https://github.com/FiloSottile/age/releases/download/v1.3.1/age-v1.3.1-darwin-arm64.tar.gz"}
"platforms.windows-x64" = { checksum = "sha256:c56e8ce22f7e80cb85ad946cc82d198767b056366201d3e1a2b93d865be38154", url = "https://github.com/FiloSottile/age/releases/download/v1.3.1/age-v1.3.1-windows-amd64.zip"}

[[tools."aqua:containerd/nerdctl"]]
version = "2.2.1"
backend = "aqua:containerd/nerdctl"
"platforms.linux-arm64" = { checksum = "sha256:abc83c9ac3d843c3442eedfb61c6456b8b59b1e4cd69f69598ca1582acc7c094", url = "https://github.com/containerd/nerdctl/releases/download/v2.2.1/nerdctl-2.2.1-linux-arm64.tar.gz"}
"platforms.linux-x64" = { checksum = "sha256:34144de7f12756aa4b9dc42a907fd95b0c5eb82a63566a650ca10c8abe7a26a0", url = "https://github.com/containerd/nerdctl/releases/download/v2.2.1/nerdctl-2.2.1-linux-amd64.tar.gz"}
"platforms.windows-x64" = { checksum = "sha256:243061402791f30f6bc0d90689855d478b7f0f501fa1687c0d7b1abecabedd34", url = "https://github.com/containerd/nerdctl/releases/download/v2.2.1/nerdctl-2.2.1-windows-amd64.tar.gz"}

[[tools."aqua:getsops/sops"]]
version = "3.11.0"
backend = "aqua:getsops/sops"
"platforms.linux-arm64" = { checksum = "sha256:c71d32f74b3a73ce283affe6ed36e221a8f1476c3d37963f60bd962fb1676681", url = "https://github.com/getsops/sops/releases/download/v3.11.0/sops-v3.11.0.linux.arm64"}
"platforms.linux-x64" = { checksum = "sha256:775f1384d55decfad228e7196a3f683791914f92a473f78fc47700531c29dfef", url = "https://github.com/getsops/sops/releases/download/v3.11.0/sops-v3.11.0.linux.amd64"}
"platforms.macos-arm64" = { checksum = "sha256:45e7562b1f5d022c4d7a4e4c3d1b7b1a7ee6c328356629286cfd18a394b00e7c", url = "https://github.com/getsops/sops/releases/download/v3.11.0/sops-v3.11.0.darwin.arm64"}
"platforms.macos-x64" = { checksum = "sha256:c36583e178f7e83b947044b292e106e79615f7725f75cb147045fb0c81953e2b", url = "https://github.com/getsops/sops/releases/download/v3.11.0/sops-v3.11.0.darwin.amd64"}
"platforms.windows-x64" = { checksum = "sha256:f3d74d83006954f0d8cf770ad7e5380504270ded5a62f33eb2548ce5461af3b3", url = "https://github.com/getsops/sops/releases/download/v3.11.0/sops-v3.11.0.amd64.exe"}

[[tools."aqua:helm/chart-releaser"]]
version = "1.8.1"
backend = "aqua:helm/chart-releaser"
"platforms.linux-arm64" = { checksum = "sha256:03811896f65f73faffa63aa24f54ac4fed73e088418d0582723917b69c2a280b", url = "https://github.com/helm/chart-releaser/releases/download/v1.8.1/chart-releaser_1.8.1_linux_arm64.tar.gz"}
"platforms.linux-x64" = { checksum = "sha256:834046b27b00cd6ba451326875c1937d4f2b671063c2053e031434ade73002b5", url = "https://github.com/helm/chart-releaser/releases/download/v1.8.1/chart-releaser_1.8.1_linux_amd64.tar.gz"}
"platforms.macos-arm64" = { checksum = "sha256:d957e23f012650cf7ddf6c907688358d572e4a1b8e0e64b31f4b4c03472a0e4b", url = "https://github.com/helm/chart-releaser/releases/download/v1.8.1/chart-releaser_1.8.1_darwin_arm64.tar.gz"}
"platforms.macos-x64" = { checksum = "sha256:4209b5f28b309301fd7b4bfed5316b5c97f31c10969e6afb7a0eb9ab2d168244", url = "https://github.com/helm/chart-releaser/releases/download/v1.8.1/chart-releaser_1.8.1_darwin_amd64.tar.gz"}
"platforms.windows-x64" = { checksum = "sha256:3db750018dc6aa7908b439ff063a89e2519e45cb5971ebb34090bc47eaf6e469", url = "https://github.com/helm/chart-releaser/releases/download/v1.8.1/chart-releaser_1.8.1_windows_amd64.zip"}

[[tools."aqua:helm/chart-testing"]]
version = "3.14.0"
backend = "aqua:helm/chart-testing"
"platforms.linux-arm64" = { checksum = "sha256:7b035bbbd0768fba33983e81c15445e33e9c8281d329100852a342ecfd0b16b7", url = "https://github.com/helm/chart-testing/releases/download/v3.14.0/chart-testing_3.14.0_linux_arm64.tar.gz"}
"platforms.linux-x64" = { checksum = "sha256:d16f0583616885423826241164ce1f6589c6fe5332fa74f374ebd2bd3cb3fe1f", url = "https://github.com/helm/chart-testing/releases/download/v3.14.0/chart-testing_3.14.0_linux_amd64.tar.gz"}
"platforms.macos-arm64" = { checksum = "sha256:db10dbbb42b110c7a5da5a3202908f32ad2ca6ad600d423426dc7886d09aad07", url = "https://github.com/helm/chart-testing/releases/download/v3.14.0/chart-testing_3.14.0_darwin_arm64.tar.gz"}
"platforms.macos-x64" = { checksum = "sha256:6dbad5d05a357f6837764c0620c84e707c81189d6f5e9946643276848f5f7116", url = "https://github.com/helm/chart-testing/releases/download/v3.14.0/chart-testing_3.14.0_darwin_amd64.tar.gz"}
"platforms.windows-x64" = { checksum = "sha256:0720a57213521a627d74cb2fe3da16197fd5c8dd382c01cdb0b20682a5df98d9", url = "https://github.com/helm/chart-testing/releases/download/v3.14.0/chart-testing_3.14.0_windows_amd64.zip"}

[[tools."aqua:helm/helm"]]
version = "4.0.4"
backend = "aqua:helm/helm"
"platforms.linux-arm64" = { checksum = "sha256:16b88acc6503d646b7537a298e7389bef469c5cc9ebadf727547abe9f6a35903", url = "https://get.helm.sh/helm-v4.0.4-linux-arm64.tar.gz"}
"platforms.linux-x64" = { checksum = "sha256:29454bc351f4433e66c00f5d37841627cbbcc02e4c70a6d796529d355237671c", url = "https://get.helm.sh/helm-v4.0.4-linux-amd64.tar.gz"}
"platforms.macos-arm64" = { checksum = "sha256:a7ea99937a9679b3935fa0a2b70e577aa1ea84e5856e7c0821ca6ffa064ea976", url = "https://get.helm.sh/helm-v4.0.4-darwin-arm64.tar.gz"}
"platforms.macos-x64" = { checksum = "sha256:73bcfd6ab000fdc95acf9fe1c59e8e47179426a653e45ae485889869d4a00523", url = "https://get.helm.sh/helm-v4.0.4-darwin-amd64.tar.gz"}
"platforms.windows-x64" = { checksum = "sha256:d5c119dbc502687a886a233e5e6996ebc5b2594fd571f67216f8cdc23acb870e", url = "https://get.helm.sh/helm-v4.0.4-windows-amd64.tar.gz"}

[[tools."aqua:kubernetes/kompose"]]
version = "1.37.0"
backend = "aqua:kubernetes/kompose"
"platforms.linux-arm64" = { checksum = "sha256:cd6fdf8f4560a936e574c11520993f2cc0afe4401b9cea01ce5d746f3cf04013", url = "https://github.com/kubernetes/kompose/releases/download/v1.37.0/kompose-linux-arm64"}
"platforms.linux-x64" = { checksum = "sha256:0861a3d612d8825a530ff566a0e8fda788a46eeaa390b613561a2b557b5e6b58", url = "https://github.com/kubernetes/kompose/releases/download/v1.37.0/kompose-linux-amd64"}
"platforms.macos-arm64" = { checksum = "sha256:f859b45382f46bf85d3f564e922010142d58a23d7347015bbbcaef8b973b79d0", url = "https://github.com/kubernetes/kompose/releases/download/v1.37.0/kompose-darwin-arm64"}
"platforms.macos-x64" = { checksum = "sha256:7dd4f6bca15595a70f85ae15fa01f23ed94aed5f41cdd6c6ccc6ead0e4766f9d", url = "https://github.com/kubernetes/kompose/releases/download/v1.37.0/kompose-darwin-amd64"}
"platforms.windows-x64" = { checksum = "sha256:eafee2c48cdb9b56936f80947f195b7663b390571fb3fbe2ead935c99df4c9f2", url = "https://github.com/kubernetes/kompose/releases/download/v1.37.0/kompose-windows-amd64.exe"}

[[tools."aqua:kubernetes/kops"]]
version = "1.34.1"
backend = "aqua:kubernetes/kops"
"platforms.linux-arm64" = { checksum = "sha256:5ddb308b161ad1ef94686888ec04d114557f258e6a923484b74be141cecd8ed1", url = "https://github.com/kubernetes/kops/releases/download/v1.34.1/kops-linux-arm64"}
"platforms.linux-x64" = { checksum = "sha256:596140c31bb1499e7633e5de6789ce0324571c204ee80b1da7168744daf0d30e", url = "https://github.com/kubernetes/kops/releases/download/v1.34.1/kops-linux-amd64"}
"platforms.macos-arm64" = { checksum = "sha256:eb03aa42c5b8fc73ba12a31ed925f679507e8c5922d29b4f0c3f26a1718f0180", url = "https://github.com/kubernetes/kops/releases/download/v1.34.1/kops-darwin-arm64"}
"platforms.macos-x64" = { checksum = "sha256:0c34a0809ea7c29322c25840a1c4a2abecd4f0bab1a8b975b1fb9fd3df236c86", url = "https://github.com/kubernetes/kops/releases/download/v1.34.1/kops-darwin-amd64"}
"platforms.windows-x64" = { checksum = "sha256:75513058f301903dca937252a64d7efa01686de9bc8ec0ac4efcfca2f245241e", url = "https://github.com/kubernetes/kops/releases/download/v1.34.1/kops-windows-amd64"}

[[tools."aqua:kubernetes/kubernetes/kubectl"]]
version = "1.35.0"
backend = "aqua:kubernetes/kubernetes/kubectl"
"platforms.linux-arm64" = { checksum = "sha256:58f82f9fe796c375c5c4b8439850b0f3f4d401a52434052f2df46035a8789e25", url = "https://dl.k8s.io/v1.35.0/bin/linux/arm64/kubectl"}
"platforms.linux-x64" = { checksum = "sha256:a2e984a18a0c063279d692533031c1eff93a262afcc0afdc517375432d060989", url = "https://dl.k8s.io/v1.35.0/bin/linux/amd64/kubectl"}
"platforms.macos-arm64" = { checksum = "sha256:cf699c56340dc775230fde4ef84237d27563ea6ef52164c7d078072b586c3918", url = "https://dl.k8s.io/v1.35.0/bin/darwin/arm64/kubectl"}
"platforms.macos-x64" = { checksum = "sha256:2447cb78911b10a667202b078eeb30541ec78d1280c3682921dc81607e148d96", url = "https://dl.k8s.io/v1.35.0/bin/darwin/amd64/kubectl"}
"platforms.windows-x64" = { checksum = "sha256:4c5d14b8673bd55f813a8965ad70d5150e3960ee5f274025e2286aea3a0fa8b6", url = "https://dl.k8s.io/v1.35.0/bin/windows/amd64/kubectl.exe"}

[[tools."aqua:kubernetes/kubernetes/kubectl-convert"]]
version = "1.35.0"
backend = "aqua:kubernetes/kubernetes/kubectl-convert"
"platforms.linux-arm64" = { checksum = "sha256:97f9ac591ab9d02393f861245fd6fa3df1079e0a1a897499cbbf2db5ee9d2f03", url = "https://dl.k8s.io/v1.35.0/bin/linux/arm64/kubectl-convert"}
"platforms.linux-x64" = { checksum = "sha256:472614832efcc923937004fa830141b2f90de65db0e53d2abb9e16f8f355aa00", url = "https://dl.k8s.io/v1.35.0/bin/linux/amd64/kubectl-convert"}
"platforms.macos-arm64" = { checksum = "sha256:a7971b79cba6d8e124183a9e8c6a59a41dfed415315c21d40b57283e17361174", url = "https://dl.k8s.io/v1.35.0/bin/darwin/arm64/kubectl-convert"}
"platforms.macos-x64" = { checksum = "sha256:bf30475916976c3d5675ec04d600c6b49bcefdc49e7b501be36d3e5aee972bb8", url = "https://dl.k8s.io/v1.35.0/bin/darwin/amd64/kubectl-convert"}
"platforms.windows-x64" = { checksum = "sha256:5173549d8e89fa26c5c8ad2162ab34caeb7b5e22b23d5bd6caf03d4d12aae5fb", url = "https://dl.k8s.io/v1.35.0/bin/windows/amd64/kubectl-convert.exe"}

[[tools."cargo:bat"]]
version = "0.26.1"
backend = "cargo:bat"

[[tools."cargo:bottom"]]
version = "0.12.3"
backend = "cargo:bottom"

[[tools."cargo:du-dust"]]
version = "1.2.3"
backend = "cargo:du-dust"

[[tools."cargo:exa"]]
version = "0.10.1"
backend = "cargo:exa"

[[tools."cargo:fd-find"]]
version = "10.3.0"
backend = "cargo:fd-find"

[[tools."cargo:hyperfine"]]
version = "1.20.0"
backend = "cargo:hyperfine"

[[tools."cargo:procs"]]
version = "0.14.10"
backend = "cargo:procs"

[[tools."cargo:ripgrep"]]
version = "15.1.0"
backend = "cargo:ripgrep"

[[tools."cargo:sd"]]
version = "1.0.0"
backend = "cargo:sd"

[[tools."cargo:yazi-cli"]]
version = "25.5.31"
backend = "cargo:yazi-cli"

[[tools."cargo:yazi-fm"]]
version = "25.5.31"
backend = "cargo:yazi-fm"

[[tools."cargo:zellij"]]
version = "0.43.1"
backend = "cargo:zellij"

[[tools.deno]]
version = "2.6.4"
backend = "core:deno"
"platforms.linux-arm64" = { checksum = "sha256:dafb54c5454d7fcca81305215442e832e0c34e90b76a2e9a31d0676cbb06bfc6", url = "https://dl.deno.land/release/v2.6.4/deno-aarch64-unknown-linux-gnu.zip"}
"platforms.linux-x64" = { checksum = "sha256:9100bbd0450c17b82002d3948bb8e7e1953c9e6506e63b586e2daa4042eca7f6", url = "https://dl.deno.land/release/v2.6.4/deno-x86_64-unknown-linux-gnu.zip"}
"platforms.macos-arm64" = { checksum = "sha256:0273e3472a4987a1aeacbda8153d023dbab9151296e15977977ef6bdbbca485b", url = "https://dl.deno.land/release/v2.6.4/deno-aarch64-apple-darwin.zip"}
"platforms.macos-x64" = { checksum = "sha256:14b783336505b06cda198eba0f23ff11cebed5eaadb1907fac31ded6e09c1cdb", url = "https://dl.deno.land/release/v2.6.4/deno-x86_64-apple-darwin.zip"}
"platforms.windows-x64" = { checksum = "sha256:Algorithm", url = "https://dl.deno.land/release/v2.6.4/deno-x86_64-pc-windows-msvc.zip"}

[[tools.gh]]
version = "2.83.2"
backend = "aqua:cli/cli"
"platforms.linux-arm64" = { checksum = "sha256:b1a0c0a0fcf18524e36996caddc92a062355ed014defc836203fe20fba75a38e", url = "https://github.com/cli/cli/releases/download/v2.83.2/gh_2.83.2_linux_arm64.tar.gz"}
"platforms.linux-x64" = { checksum = "sha256:ca6e7641214fbd0e21429cec4b64a7ba626fd946d8f9d6d191467545b092015e", url = "https://github.com/cli/cli/releases/download/v2.83.2/gh_2.83.2_linux_amd64.tar.gz"}
"platforms.macos-arm64" = { checksum = "sha256:ba3e0396ebbc8da17256144ddda503e4e79c8b502166335569f8390d6b75fa8d", url = "https://github.com/cli/cli/releases/download/v2.83.2/gh_2.83.2_macOS_arm64.zip"}
"platforms.macos-x64" = { checksum = "sha256:6f1712519ccc768946791dc97da407bf188582345b73fef3d604d050ebf6f614", url = "https://github.com/cli/cli/releases/download/v2.83.2/gh_2.83.2_macOS_amd64.zip"}
"platforms.windows-x64" = { checksum = "sha256:b95bf2d953e3bf497bb2c0aed97ffcc5ed8471b80f0920d663a92a6111f05135", url = "https://github.com/cli/cli/releases/download/v2.83.2/gh_2.83.2_windows_amd64.zip"}

[[tools."github:neovim/neovim"]]
version = "0.11.5"
backend = "github:neovim/neovim"
"platforms.linux-arm64" = { checksum = "sha256:ea4f9a31b11cc1477ff014aebb7b207684e7280f94ffa97abdab6cacd9b98519", url = "https://github.com/neovim/neovim/releases/download/v0.11.5/nvim-linux-arm64.tar.gz", url_api = "https://api.github.com/repos/neovim/neovim/releases/assets/311637681"}
"platforms.linux-x64" = { checksum = "sha256:b2f91117be5b5ea39edd7297156dc2a4a8df4add6c95a90809a8df19e7ab6f52", url = "https://github.com/neovim/neovim/releases/download/v0.11.5/nvim-linux-x86_64.tar.gz", url_api = "https://api.github.com/repos/neovim/neovim/releases/assets/311637684"}
"platforms.macos-arm64" = { checksum = "sha256:79143d3b408f7034f90b7cf59af2276de09ef8a4c2f1a28e4c99581b249d3107", url = "https://github.com/neovim/neovim/releases/download/v0.11.5/nvim-macos-arm64.tar.gz", url_api = "https://api.github.com/repos/neovim/neovim/releases/assets/311637682"}
"platforms.macos-x64" = { checksum = "sha256:6612760a7037ca2518e456908baf5e43101fa79819d18979fc4d4e8441d9dfa5", url = "https://github.com/neovim/neovim/releases/download/v0.11.5/nvim-macos-x86_64.tar.gz", url_api = "https://api.github.com/repos/neovim/neovim/releases/assets/311637683"}
"platforms.windows-x64" = { checksum = "sha256:718e731326e7759cf17bbbb33f38975707a2ac85642614686b818ef5fde38f48", url = "https://github.com/neovim/neovim/releases/download/v0.11.5/nvim-win64.zip", url_api = "https://api.github.com/repos/neovim/neovim/releases/assets/311637690"}

[[tools.glab]]
version = "1.80.4"
backend = "ubi:gitlab-org/cli[provider=gitlab,exe=glab]"
"platforms.linux-x64-glab-glab" = { checksum = "blake3:ab1fdc881ff776dff5f15c8f932a9e54cca3f0b3424cd2b779123aa6318f1720"}

[tools.glab.options]
exe = "glab"
provider = "gitlab"

[[tools.go]]
version = "1.25.5"
backend = "core:go"
"platforms.linux-arm64" = { checksum = "sha256:b00b694903d126c588c378e72d3545549935d3982635ba3f7a964c9fa23fe3b9", url = "https://dl.google.com/go/go1.25.5.linux-arm64.tar.gz"}
"platforms.linux-x64" = { checksum = "sha256:9e9b755d63b36acf30c12a9a3fc379243714c1c6d3dd72861da637f336ebb35b", url = "https://dl.google.com/go/go1.25.5.linux-amd64.tar.gz"}
"platforms.macos-arm64" = { checksum = "sha256:bed8ebe824e3d3b27e8471d1307f803fc6ab8e1d0eb7a4ae196979bd9b801dd3", url = "https://dl.google.com/go/go1.25.5.darwin-arm64.tar.gz"}
"platforms.macos-x64" = { checksum = "sha256:b69d51bce599e5381a94ce15263ae644ec84667a5ce23d58dc2e63e2c12a9f56", url = "https://dl.google.com/go/go1.25.5.darwin-amd64.tar.gz"}
"platforms.windows-x64" = { checksum = "sha256:ae756cce1cb80c819b4fe01b0353807178f532211b47f72d7fa77949de054ebb", url = "https://dl.google.com/go/go1.25.5.windows-amd64.zip"}

[[tools."go:github.com/bufbuild/buf/cmd/buf"]]
version = "1.63.0"
backend = "go:github.com/bufbuild/buf/cmd/buf"

[[tools."go:github.com/cweill/gotests/gotests"]]
version = "1.9.0"
backend = "go:github.com/cweill/gotests/gotests"

[[tools."go:github.com/go-delve/delve/cmd/dlv"]]
version = "1.26.0"
backend = "go:github.com/go-delve/delve/cmd/dlv"

[[tools."go:github.com/golangci/golangci-lint/cmd/golangci-lint"]]
version = "1.64.8"
backend = "go:github.com/golangci/golangci-lint/cmd/golangci-lint"

[[tools."go:github.com/golangci/golangci-lint/v2/cmd/golangci-lint"]]
version = "2.7.2"
backend = "go:github.com/golangci/golangci-lint/v2/cmd/golangci-lint"

[[tools."go:github.com/grpc-ecosystem/grpc-gateway/v2/protoc-gen-grpc-gateway"]]
version = "2.27.4"
backend = "go:github.com/grpc-ecosystem/grpc-gateway/v2/protoc-gen-grpc-gateway"

[[tools."go:github.com/grpc-ecosystem/grpc-gateway/v2/protoc-gen-openapiv2"]]
version = "2.27.4"
backend = "go:github.com/grpc-ecosystem/grpc-gateway/v2/protoc-gen-openapiv2"

[[tools."go:github.com/jesseduffield/lazygit"]]
version = "0.58.0"
backend = "go:github.com/jesseduffield/lazygit"

[[tools."go:github.com/junegunn/fzf"]]
version = "0.67.0"
backend = "go:github.com/junegunn/fzf"

[[tools."go:github.com/nametake/golangci-lint-langserver"]]
version = "0.0.11"
backend = "go:github.com/nametake/golangci-lint-langserver"

[[tools."go:golang.org/x/tools/cmd/goimports"]]
version = "0.40.0"
backend = "go:golang.org/x/tools/cmd/goimports"

[[tools."go:golang.org/x/tools/gopls"]]
version = "0.21.0"
backend = "go:golang.org/x/tools/gopls"

[[tools."go:google.golang.org/grpc/cmd/protoc-gen-go-grpc"]]
version = "1.6.0"
backend = "go:google.golang.org/grpc/cmd/protoc-gen-go-grpc"

[[tools."go:google.golang.org/protobuf/cmd/protoc-gen-go"]]
version = "1.36.11"
backend = "go:google.golang.org/protobuf/cmd/protoc-gen-go"

[[tools."go:honnef.co/go/tools/cmd/staticcheck"]]
version = "0.7.0-0.dev"
backend = "go:honnef.co/go/tools/cmd/staticcheck"

[[tools."go:mvdan.cc/gofumpt"]]
version = "0.9.2"
backend = "go:mvdan.cc/gofumpt"

[[tools.node]]
version = "24.12.0"
backend = "core:node"
"platforms.linux-arm64" = { checksum = "sha256:9b2a2eeb98a8eb37361224e2a1d060300ad2dd143af58dfdb16de785df0f1228", url = "https://nodejs.org/dist/v24.12.0/node-v24.12.0-linux-arm64.tar.gz"}
"platforms.linux-x64" = { checksum = "sha256:6159227e0af7d7c3c6bb2fa900452b04a6cb8841a702a79acc613209d70b04d0", url = "https://nodejs.org/dist/v24.12.0/node-v24.12.0-linux-x64.tar.gz"}
"platforms.macos-arm64" = { checksum = "sha256:319f221adc5e44ff0ed57e8a441b2284f02b8dc6fc87b8eb92a6a93643fd8080", url = "https://nodejs.org/dist/v24.12.0/node-v24.12.0-darwin-arm64.tar.gz"}
"platforms.macos-x64" = { checksum = "sha256:b82ea4c62fd08e250cab59d625e75d77cc5b0a3d60c6698ebee4545c88a169c5", url = "https://nodejs.org/dist/v24.12.0/node-v24.12.0-darwin-x64.tar.gz"}
"platforms.windows-x64" = { checksum = "sha256:9c125f61ae947b52e779095830f9cac267846a043ef7192183c84016aaad2812", url = "https://nodejs.org/dist/v24.12.0/node-v24.12.0-win-x64.zip"}

[[tools."npm:@anthropic-ai/claude-code"]]
version = "2.0.76"
backend = "npm:@anthropic-ai/claude-code"

[[tools."npm:@bufbuild/protoc-gen-es"]]
version = "2.10.2"
backend = "npm:@bufbuild/protoc-gen-es"

[[tools."npm:@google/gemini-cli"]]
version = "0.22.5"
backend = "npm:@google/gemini-cli"

[[tools."npm:@openai/codex"]]
version = "0.78.0"
backend = "npm:@openai/codex"

[[tools."npm:@upstash/context7-mcp"]]
version = "2.0.2"
backend = "npm:@upstash/context7-mcp"

[[tools."npm:zenn-cli"]]
version = "0.2.11"
backend = "npm:zenn-cli"

[[tools."pipx:ansible"]]
version = "13.2.0"
backend = "pipx:ansible"

[[tools."pipx:ansible-core"]]
version = "2.20.1"
backend = "pipx:ansible-core"

[[tools."pipx:betterproto2_compiler"]]
version = "0.9.0"
backend = "pipx:betterproto2_compiler"

[[tools."pipx:github/spec-kit"]]
version = "v0.0.90"
backend = "pipx:github/spec-kit"

[[tools."pipx:oraios/serena"]]
version = "v0.1.4"
backend = "pipx:oraios/serena"

[[tools.protoc]]
version = "33.2"
backend = "aqua:protocolbuffers/protobuf/protoc"
"platforms.linux-arm64" = { checksum = "sha256:706662a332683aa2fffe1c4ea61588279d31679cd42d91c7d60a69651768edb8", url = "https://github.com/protocolbuffers/protobuf/releases/download/v33.2/protoc-33.2-linux-aarch_64.zip"}
"platforms.linux-x64" = { checksum = "sha256:b24b53f87c151bfd48b112fe4c3a6e6574e5198874f38036aff41df3456b8caf", url = "https://github.com/protocolbuffers/protobuf/releases/download/v33.2/protoc-33.2-linux-x86_64.zip"}
"platforms.macos-arm64" = { checksum = "sha256:5be1427127788c9f7dd7d606c3e69843dd3587327dea993917ffcb77e7234b44", url = "https://github.com/protocolbuffers/protobuf/releases/download/v33.2/protoc-33.2-osx-aarch_64.zip"}
"platforms.macos-x64" = { checksum = "sha256:dba51cfcc85076d56e7de01a647865c5a7f995c3dce427d5215b53e50b7be43f", url = "https://github.com/protocolbuffers/protobuf/releases/download/v33.2/protoc-33.2-osx-x86_64.zip"}
"platforms.windows-x64" = { checksum = "sha256:376770cd4073beb63db56fdd339260edb9957b3c4472e05a75f5f9ec8f98d8f5", url = "https://github.com/protocolbuffers/protobuf/releases/download/v33.2/protoc-33.2-win64.zip"}

[[tools.python]]
version = "3.14.2"
backend = "core:python"

[[tools.ruby]]
version = "4.0.0"
backend = "core:ruby"
"platforms.linux-arm64" = { checksum = "sha256:2e8389c8c072cb658c93a1372732d9eac84082c88b065750db1e52a5ac630271", url = "https://cache.ruby-lang.org/pub/ruby/4.0/ruby-4.0.0.tar.gz"}
"platforms.linux-x64" = { checksum = "sha256:2e8389c8c072cb658c93a1372732d9eac84082c88b065750db1e52a5ac630271", url = "https://cache.ruby-lang.org/pub/ruby/4.0/ruby-4.0.0.tar.gz"}
"platforms.macos-arm64" = { checksum = "sha256:2e8389c8c072cb658c93a1372732d9eac84082c88b065750db1e52a5ac630271", url = "https://cache.ruby-lang.org/pub/ruby/4.0/ruby-4.0.0.tar.gz"}
"platforms.macos-x64" = { checksum = "sha256:2e8389c8c072cb658c93a1372732d9eac84082c88b065750db1e52a5ac630271", url = "https://cache.ruby-lang.org/pub/ruby/4.0/ruby-4.0.0.tar.gz"}
"platforms.windows-x64" = { checksum = "sha256:2e8389c8c072cb658c93a1372732d9eac84082c88b065750db1e52a5ac630271", url = "https://cache.ruby-lang.org/pub/ruby/4.0/ruby-4.0.0.tar.gz"}

[[tools.ruff]]
version = "0.14.10"
backend = "aqua:astral-sh/ruff"
"platforms.linux-arm64" = { checksum = "sha256:0888883f71199ca3af3569052d0cc1aee8b316390ffe75bc19f9a8047ffd0158", url = "https://github.com/astral-sh/ruff/releases/download/0.14.10/ruff-aarch64-unknown-linux-musl.tar.gz"}
"platforms.linux-x64" = { checksum = "sha256:e1fac6f2705057f48f3d000694d0f41c95b06e738cf4825315c670f3b9d24933", url = "https://github.com/astral-sh/ruff/releases/download/0.14.10/ruff-x86_64-unknown-linux-musl.tar.gz"}
"platforms.macos-arm64" = { checksum = "sha256:dd0f3ec914604d802658ae0d271ff9d767c117d1702a44222170dd2ffbad8d2c", url = "https://github.com/astral-sh/ruff/releases/download/0.14.10/ruff-aarch64-apple-darwin.tar.gz"}
"platforms.macos-x64" = { checksum = "sha256:7d5af84e84a189b49ac235d7970d35588cbed0d087f4237c96e5ac3c392bc6fb", url = "https://github.com/astral-sh/ruff/releases/download/0.14.10/ruff-x86_64-apple-darwin.tar.gz"}
"platforms.windows-x64" = { checksum = "sha256:9c3340d322fff7a6dc132b8783ba734f5eaf4c46f7dd8bc828abdf850b3bebe1", url = "https://github.com/astral-sh/ruff/releases/download/0.14.10/ruff-x86_64-pc-windows-msvc.zip"}

[[tools.rust]]
version = "stable"
backend = "core:rust"

[[tools.uv]]
version = "0.9.22"
backend = "aqua:astral-sh/uv"
"platforms.linux-arm64" = { checksum = "sha256:a400eaede62557af86bed6c5252a101aa1efd596698bb10c9400334fcc2847ec", url = "https://github.com/astral-sh/uv/releases/download/0.9.22/uv-aarch64-unknown-linux-musl.tar.gz"}
"platforms.linux-x64" = { checksum = "sha256:84d087a8e77a223d80578919894f3103f46ca7c263250c3e0478ce7c38850349", url = "https://github.com/astral-sh/uv/releases/download/0.9.22/uv-x86_64-unknown-linux-musl.tar.gz"}
"platforms.macos-arm64" = { checksum = "sha256:4bfc6dacc9bcc9e433a9214a658495ca082b94fd607949b6745a955f34ccbc3c", url = "https://github.com/astral-sh/uv/releases/download/0.9.22/uv-aarch64-apple-darwin.tar.gz"}
"platforms.macos-x64" = { checksum = "sha256:c0057ad78b475f343739b1bbe223361c1054524c9edf310ee1dc85a050207f86", url = "https://github.com/astral-sh/uv/releases/download/0.9.22/uv-x86_64-apple-darwin.tar.gz"}
"platforms.windows-x64" = { checksum = "sha256:93a0a244f26eec208d8ea8077e3de743d9687ad76c190342722f1f57fa629457", url = "https://github.com/astral-sh/uv/releases/download/0.9.22/uv-x86_64-pc-windows-msvc.zip"}
