[[tools."aqua:FiloSottile/age"]]
version = "1.2.1"
backend = "aqua:FiloSottile/age"
"platforms.linux-arm64" = { url = "https://github.com/FiloSottile/age/releases/download/v1.2.1/age-v1.2.1-linux-arm64.tar.gz"}
"platforms.linux-x64" = { url = "https://github.com/FiloSottile/age/releases/download/v1.2.1/age-v1.2.1-linux-amd64.tar.gz"}
"platforms.macos-arm64" = { url = "https://github.com/FiloSottile/age/releases/download/v1.2.1/age-v1.2.1-darwin-arm64.tar.gz"}
"platforms.macos-x64" = { url = "https://github.com/FiloSottile/age/releases/download/v1.2.1/age-v1.2.1-darwin-amd64.tar.gz"}
"platforms.windows-x64" = { url = "https://github.com/FiloSottile/age/releases/download/v1.2.1/age-v1.2.1-windows-amd64.zip"}

[[tools."aqua:containerd/nerdctl"]]
version = "2.2.0"
backend = "aqua:containerd/nerdctl"
"platforms.linux-arm64" = { checksum = "sha256:37b353122e0785578d1680fb1d7be546f4c64d0a4aed7875d3a216b2c44be76d", url = "https://github.com/containerd/nerdctl/releases/download/v2.2.0/nerdctl-2.2.0-linux-arm64.tar.gz"}
"platforms.linux-x64" = { checksum = "sha256:1b3390a832eaeaa1459cf42357da983205da2dd72300a015ad018b3499fc455e", url = "https://github.com/containerd/nerdctl/releases/download/v2.2.0/nerdctl-2.2.0-linux-amd64.tar.gz"}
"platforms.windows-x64" = { checksum = "sha256:fba81da47ea734290a36ecc523ba6c59087081f4db3b542529d0f764b76ac05f", url = "https://github.com/containerd/nerdctl/releases/download/v2.2.0/nerdctl-2.2.0-windows-amd64.tar.gz"}

[[tools."aqua:getsops/sops"]]
version = "3.11.0"
backend = "aqua:getsops/sops"
"platforms.linux-arm64" = { checksum = "sha256:c71d32f74b3a73ce283affe6ed36e221a8f1476c3d37963f60bd962fb1676681", url = "https://github.com/getsops/sops/releases/download/v3.11.0/sops-v3.11.0.linux.arm64"}
"platforms.linux-x64" = { checksum = "sha256:775f1384d55decfad228e7196a3f683791914f92a473f78fc47700531c29dfef", url = "https://github.com/getsops/sops/releases/download/v3.11.0/sops-v3.11.0.linux.amd64"}
"platforms.macos-arm64" = { checksum = "sha256:45e7562b1f5d022c4d7a4e4c3d1b7b1a7ee6c328356629286cfd18a394b00e7c", url = "https://github.com/getsops/sops/releases/download/v3.11.0/sops-v3.11.0.darwin.arm64"}
"platforms.macos-x64" = { checksum = "sha256:c36583e178f7e83b947044b292e106e79615f7725f75cb147045fb0c81953e2b", url = "https://github.com/getsops/sops/releases/download/v3.11.0/sops-v3.11.0.darwin.amd64"}
"platforms.windows-x64" = { checksum = "sha256:f3d74d83006954f0d8cf770ad7e5380504270ded5a62f33eb2548ce5461af3b3", url = "https://github.com/getsops/sops/releases/download/v3.11.0/sops-v3.11.0.amd64.exe"}

[[tools."aqua:helm/chart-releaser"]]
version = "1.8.1"
backend = "aqua:helm/chart-releaser"
"platforms.linux-arm64" = { checksum = "sha256:03811896f65f73faffa63aa24f54ac4fed73e088418d0582723917b69c2a280b", url = "https://github.com/helm/chart-releaser/releases/download/v1.8.1/chart-releaser_1.8.1_linux_arm64.tar.gz"}
"platforms.linux-x64" = { checksum = "sha256:834046b27b00cd6ba451326875c1937d4f2b671063c2053e031434ade73002b5", url = "https://github.com/helm/chart-releaser/releases/download/v1.8.1/chart-releaser_1.8.1_linux_amd64.tar.gz"}
"platforms.macos-arm64" = { checksum = "sha256:d957e23f012650cf7ddf6c907688358d572e4a1b8e0e64b31f4b4c03472a0e4b", url = "https://github.com/helm/chart-releaser/releases/download/v1.8.1/chart-releaser_1.8.1_darwin_arm64.tar.gz"}
"platforms.macos-x64" = { checksum = "sha256:4209b5f28b309301fd7b4bfed5316b5c97f31c10969e6afb7a0eb9ab2d168244", url = "https://github.com/helm/chart-releaser/releases/download/v1.8.1/chart-releaser_1.8.1_darwin_amd64.tar.gz"}
"platforms.windows-x64" = { checksum = "sha256:3db750018dc6aa7908b439ff063a89e2519e45cb5971ebb34090bc47eaf6e469", url = "https://github.com/helm/chart-releaser/releases/download/v1.8.1/chart-releaser_1.8.1_windows_amd64.zip"}

[[tools."aqua:helm/chart-testing"]]
version = "3.14.0"
backend = "aqua:helm/chart-testing"
"platforms.linux-arm64" = { checksum = "sha256:7b035bbbd0768fba33983e81c15445e33e9c8281d329100852a342ecfd0b16b7", url = "https://github.com/helm/chart-testing/releases/download/v3.14.0/chart-testing_3.14.0_linux_arm64.tar.gz"}
"platforms.linux-x64" = { checksum = "sha256:d16f0583616885423826241164ce1f6589c6fe5332fa74f374ebd2bd3cb3fe1f", url = "https://github.com/helm/chart-testing/releases/download/v3.14.0/chart-testing_3.14.0_linux_amd64.tar.gz"}
"platforms.macos-arm64" = { checksum = "sha256:db10dbbb42b110c7a5da5a3202908f32ad2ca6ad600d423426dc7886d09aad07", url = "https://github.com/helm/chart-testing/releases/download/v3.14.0/chart-testing_3.14.0_darwin_arm64.tar.gz"}
"platforms.macos-x64" = { checksum = "sha256:6dbad5d05a357f6837764c0620c84e707c81189d6f5e9946643276848f5f7116", url = "https://github.com/helm/chart-testing/releases/download/v3.14.0/chart-testing_3.14.0_darwin_amd64.tar.gz"}
"platforms.windows-x64" = { checksum = "sha256:0720a57213521a627d74cb2fe3da16197fd5c8dd382c01cdb0b20682a5df98d9", url = "https://github.com/helm/chart-testing/releases/download/v3.14.0/chart-testing_3.14.0_windows_amd64.zip"}

[[tools."aqua:helm/helm"]]
version = "4.0.2"
backend = "aqua:helm/helm"
"platforms.linux-arm64" = { checksum = "sha256:3de681b463fb783f49f5ab72d700c057124ef73fa74062624b8fe95deafded4b", url = "https://get.helm.sh/helm-v4.0.2-linux-arm64.tar.gz"}
"platforms.linux-x64" = { checksum = "sha256:980756a9b2fd501a1d6ddd1b21741678875df005c91bb05bb41093988bb83bb7", url = "https://get.helm.sh/helm-v4.0.2-linux-amd64.tar.gz"}
"platforms.macos-arm64" = { checksum = "sha256:fed6a23bba5db8a21e40175f44c159e057b26a6361f4280e24c820d0841e150b", url = "https://get.helm.sh/helm-v4.0.2-darwin-arm64.tar.gz"}
"platforms.macos-x64" = { checksum = "sha256:1dd2ce37855f5380abc86d56ab38387d4f1b8b05be296760addfe32d7c56a393", url = "https://get.helm.sh/helm-v4.0.2-darwin-amd64.tar.gz"}
"platforms.windows-x64" = { checksum = "sha256:df22d66514caf45407511c6a1ff342a5be259542d259a83a96b4b1c6389edbad", url = "https://get.helm.sh/helm-v4.0.2-windows-amd64.tar.gz"}

[[tools."aqua:kubernetes/kompose"]]
version = "1.37.0"
backend = "aqua:kubernetes/kompose"
"platforms.linux-arm64" = { checksum = "sha256:cd6fdf8f4560a936e574c11520993f2cc0afe4401b9cea01ce5d746f3cf04013", url = "https://github.com/kubernetes/kompose/releases/download/v1.37.0/kompose-linux-arm64"}
"platforms.linux-x64" = { checksum = "sha256:0861a3d612d8825a530ff566a0e8fda788a46eeaa390b613561a2b557b5e6b58", url = "https://github.com/kubernetes/kompose/releases/download/v1.37.0/kompose-linux-amd64"}
"platforms.macos-arm64" = { checksum = "sha256:f859b45382f46bf85d3f564e922010142d58a23d7347015bbbcaef8b973b79d0", url = "https://github.com/kubernetes/kompose/releases/download/v1.37.0/kompose-darwin-arm64"}
"platforms.macos-x64" = { checksum = "sha256:7dd4f6bca15595a70f85ae15fa01f23ed94aed5f41cdd6c6ccc6ead0e4766f9d", url = "https://github.com/kubernetes/kompose/releases/download/v1.37.0/kompose-darwin-amd64"}
"platforms.windows-x64" = { checksum = "sha256:eafee2c48cdb9b56936f80947f195b7663b390571fb3fbe2ead935c99df4c9f2", url = "https://github.com/kubernetes/kompose/releases/download/v1.37.0/kompose-windows-amd64.exe"}

[[tools."aqua:kubernetes/kops"]]
version = "1.34.1"
backend = "aqua:kubernetes/kops"
"platforms.linux-arm64" = { checksum = "sha256:5ddb308b161ad1ef94686888ec04d114557f258e6a923484b74be141cecd8ed1", url = "https://github.com/kubernetes/kops/releases/download/v1.34.1/kops-linux-arm64"}
"platforms.linux-x64" = { checksum = "sha256:596140c31bb1499e7633e5de6789ce0324571c204ee80b1da7168744daf0d30e", url = "https://github.com/kubernetes/kops/releases/download/v1.34.1/kops-linux-amd64"}
"platforms.macos-arm64" = { checksum = "sha256:eb03aa42c5b8fc73ba12a31ed925f679507e8c5922d29b4f0c3f26a1718f0180", url = "https://github.com/kubernetes/kops/releases/download/v1.34.1/kops-darwin-arm64"}
"platforms.macos-x64" = { checksum = "sha256:0c34a0809ea7c29322c25840a1c4a2abecd4f0bab1a8b975b1fb9fd3df236c86", url = "https://github.com/kubernetes/kops/releases/download/v1.34.1/kops-darwin-amd64"}
"platforms.windows-x64" = { checksum = "sha256:75513058f301903dca937252a64d7efa01686de9bc8ec0ac4efcfca2f245241e", url = "https://github.com/kubernetes/kops/releases/download/v1.34.1/kops-windows-amd64"}

[[tools."aqua:kubernetes/kubernetes/kubectl"]]
version = "1.34.3"
backend = "aqua:kubernetes/kubernetes/kubectl"
"platforms.linux-arm64" = { checksum = "sha256:46913a7aa0327f6cc2e1cc2775d53c4a2af5e52f7fd8dacbfbfd098e757f19e9", url = "https://dl.k8s.io/v1.34.3/bin/linux/arm64/kubectl"}
"platforms.linux-x64" = { checksum = "sha256:ab60ca5f0fd60c1eb81b52909e67060e3ba0bd27e55a8ac147cbc2172ff14212", url = "https://dl.k8s.io/v1.34.3/bin/linux/amd64/kubectl"}
"platforms.macos-arm64" = { checksum = "sha256:e51367d2107d605f4edd7c2fb25897b0c0695a7de1a9f9d04cd6c9356b890b14", url = "https://dl.k8s.io/v1.34.3/bin/darwin/arm64/kubectl"}
"platforms.macos-x64" = { checksum = "sha256:657afbd0e653c4ce3af1b5a645a4eaba282cf8eb2bcda7191ff60866e50e4d7f", url = "https://dl.k8s.io/v1.34.3/bin/darwin/amd64/kubectl"}
"platforms.windows-x64" = { checksum = "sha256:5ef6e0b019cfea5b0eff55b576c0118f64c0758a8bcbf52587c7f454f302f7bc", url = "https://dl.k8s.io/v1.34.3/bin/windows/amd64/kubectl.exe"}

[[tools."aqua:kubernetes/kubernetes/kubectl-convert"]]
version = "1.34.3"
backend = "aqua:kubernetes/kubernetes/kubectl-convert"
"platforms.linux-arm64" = { checksum = "sha256:e1966ef0e49caf28bacabc917283ae08a5b31e3e6723e41245d867b3229ffb90", url = "https://dl.k8s.io/v1.34.3/bin/linux/arm64/kubectl-convert"}
"platforms.linux-x64" = { checksum = "sha256:2362e667b2babda96e93fc307ed6960ab2db0a9a6c360f4b1d12010937bb444b", url = "https://dl.k8s.io/v1.34.3/bin/linux/amd64/kubectl-convert"}
"platforms.macos-arm64" = { checksum = "sha256:d9e2260910552a35907c8a49fd4ed5d25d72746fe0df55f354e5a006a2310067", url = "https://dl.k8s.io/v1.34.3/bin/darwin/arm64/kubectl-convert"}
"platforms.macos-x64" = { checksum = "sha256:23991c7c369473fe6862c7b0619a95efb76eb5727b54b059675334214ec8ca57", url = "https://dl.k8s.io/v1.34.3/bin/darwin/amd64/kubectl-convert"}
"platforms.windows-x64" = { checksum = "sha256:a8e526caa02d6f58231413ba795dd3154b03104967536fbcfd0b57f6fe0d99c1", url = "https://dl.k8s.io/v1.34.3/bin/windows/amd64/kubectl-convert.exe"}

[[tools."cargo:bat"]]
version = "0.26.1"
backend = "cargo:bat"

[[tools."cargo:bottom"]]
version = "0.11.4"
backend = "cargo:bottom"

[[tools."cargo:du-dust"]]
version = "1.2.3"
backend = "cargo:du-dust"

[[tools."cargo:exa"]]
version = "0.10.1"
backend = "cargo:exa"

[[tools."cargo:fd-find"]]
version = "10.3.0"
backend = "cargo:fd-find"

[[tools."cargo:hyperfine"]]
version = "1.20.0"
backend = "cargo:hyperfine"

[[tools."cargo:procs"]]
version = "0.14.10"
backend = "cargo:procs"

[[tools."cargo:ripgrep"]]
version = "15.1.0"
backend = "cargo:ripgrep"

[[tools."cargo:sd"]]
version = "1.0.0"
backend = "cargo:sd"

[[tools."cargo:yazi-cli"]]
version = "25.5.31"
backend = "cargo:yazi-cli"

[[tools."cargo:yazi-fm"]]
version = "25.5.31"
backend = "cargo:yazi-fm"

[[tools."cargo:zellij"]]
version = "0.43.1"
backend = "cargo:zellij"

[[tools.deno]]
version = "2.6.0"
backend = "core:deno"
"platforms.linux-arm64" = { checksum = "sha256:de796c8d3a59f4b1dd71cebc60287b281a03592260f98406477d7ec4154096de", url = "https://dl.deno.land/release/v2.6.0/deno-aarch64-unknown-linux-gnu.zip"}
"platforms.linux-x64" = { checksum = "sha256:506fe8daa211e4015a94fb1702e82636756bc3ceb2cc34d4fe3ef31b82a36844", url = "https://dl.deno.land/release/v2.6.0/deno-x86_64-unknown-linux-gnu.zip"}
"platforms.macos-arm64" = { checksum = "sha256:2bde8aa54e27048f09a5a1ce1a875b03223430a57b9d96c2cdd6ad3b0bd0a026", url = "https://dl.deno.land/release/v2.6.0/deno-aarch64-apple-darwin.zip"}
"platforms.macos-x64" = { checksum = "sha256:eef2dc47a3884d38e7e4807c49135fb0673260dc5521533e0569ac20a3e4bd54", url = "https://dl.deno.land/release/v2.6.0/deno-x86_64-apple-darwin.zip"}
"platforms.windows-x64" = { checksum = "sha256:Algorithm", url = "https://dl.deno.land/release/v2.6.0/deno-x86_64-pc-windows-msvc.zip"}

[[tools.gh]]
version = "2.83.2"
backend = "aqua:cli/cli"
"platforms.linux-arm64" = { checksum = "sha256:b1a0c0a0fcf18524e36996caddc92a062355ed014defc836203fe20fba75a38e", url = "https://github.com/cli/cli/releases/download/v2.83.2/gh_2.83.2_linux_arm64.tar.gz"}
"platforms.linux-x64" = { checksum = "sha256:ca6e7641214fbd0e21429cec4b64a7ba626fd946d8f9d6d191467545b092015e", url = "https://github.com/cli/cli/releases/download/v2.83.2/gh_2.83.2_linux_amd64.tar.gz"}
"platforms.macos-arm64" = { checksum = "sha256:ba3e0396ebbc8da17256144ddda503e4e79c8b502166335569f8390d6b75fa8d", url = "https://github.com/cli/cli/releases/download/v2.83.2/gh_2.83.2_macOS_arm64.zip"}
"platforms.macos-x64" = { checksum = "sha256:6f1712519ccc768946791dc97da407bf188582345b73fef3d604d050ebf6f614", url = "https://github.com/cli/cli/releases/download/v2.83.2/gh_2.83.2_macOS_amd64.zip"}
"platforms.windows-x64" = { checksum = "sha256:b95bf2d953e3bf497bb2c0aed97ffcc5ed8471b80f0920d663a92a6111f05135", url = "https://github.com/cli/cli/releases/download/v2.83.2/gh_2.83.2_windows_amd64.zip"}

[[tools."github:neovim/neovim"]]
version = "0.11.5"
backend = "github:neovim/neovim"
"platforms.linux-arm64" = { checksum = "sha256:ea4f9a31b11cc1477ff014aebb7b207684e7280f94ffa97abdab6cacd9b98519", url = "https://github.com/neovim/neovim/releases/download/v0.11.5/nvim-linux-arm64.tar.gz", url_api = "https://api.github.com/repos/neovim/neovim/releases/assets/311637681"}
"platforms.linux-x64" = { checksum = "sha256:b2f91117be5b5ea39edd7297156dc2a4a8df4add6c95a90809a8df19e7ab6f52", url = "https://github.com/neovim/neovim/releases/download/v0.11.5/nvim-linux-x86_64.tar.gz", url_api = "https://api.github.com/repos/neovim/neovim/releases/assets/311637684"}
"platforms.macos-arm64" = { checksum = "sha256:79143d3b408f7034f90b7cf59af2276de09ef8a4c2f1a28e4c99581b249d3107", url = "https://github.com/neovim/neovim/releases/download/v0.11.5/nvim-macos-arm64.tar.gz", url_api = "https://api.github.com/repos/neovim/neovim/releases/assets/311637682"}
"platforms.macos-x64" = { checksum = "sha256:6612760a7037ca2518e456908baf5e43101fa79819d18979fc4d4e8441d9dfa5", url = "https://github.com/neovim/neovim/releases/download/v0.11.5/nvim-macos-x86_64.tar.gz", url_api = "https://api.github.com/repos/neovim/neovim/releases/assets/311637683"}
"platforms.windows-x64" = { checksum = "sha256:718e731326e7759cf17bbbb33f38975707a2ac85642614686b818ef5fde38f48", url = "https://github.com/neovim/neovim/releases/download/v0.11.5/nvim-win64.zip", url_api = "https://api.github.com/repos/neovim/neovim/releases/assets/311637690"}

[[tools.glab]]
version = "1.79.0"
backend = "ubi:gitlab-org/cli[provider=gitlab,exe=glab]"
"platforms.linux-x64-glab-glab" = { checksum = "blake3:d9a7e986cce5d0d2440312e9ded6e3ccf5ea3eb65bdd3c3972596c3eaa112a83"}

[tools.glab.options]
exe = "glab"
provider = "gitlab"

[[tools.go]]
version = "1.25.5"
backend = "core:go"
"platforms.linux-arm64" = { checksum = "sha256:b00b694903d126c588c378e72d3545549935d3982635ba3f7a964c9fa23fe3b9", url = "https://dl.google.com/go/go1.25.5.linux-arm64.tar.gz"}
"platforms.linux-x64" = { checksum = "sha256:9e9b755d63b36acf30c12a9a3fc379243714c1c6d3dd72861da637f336ebb35b", url = "https://dl.google.com/go/go1.25.5.linux-amd64.tar.gz"}
"platforms.macos-arm64" = { checksum = "sha256:bed8ebe824e3d3b27e8471d1307f803fc6ab8e1d0eb7a4ae196979bd9b801dd3", url = "https://dl.google.com/go/go1.25.5.darwin-arm64.tar.gz"}
"platforms.macos-x64" = { checksum = "sha256:b69d51bce599e5381a94ce15263ae644ec84667a5ce23d58dc2e63e2c12a9f56", url = "https://dl.google.com/go/go1.25.5.darwin-amd64.tar.gz"}
"platforms.windows-x64" = { checksum = "sha256:ae756cce1cb80c819b4fe01b0353807178f532211b47f72d7fa77949de054ebb", url = "https://dl.google.com/go/go1.25.5.windows-amd64.zip"}

[[tools."go:github.com/bufbuild/buf/cmd/buf"]]
version = "1.61.0"
backend = "go:github.com/bufbuild/buf/cmd/buf"

[[tools."go:github.com/cweill/gotests/gotests"]]
version = "1.9.0"
backend = "go:github.com/cweill/gotests/gotests"

[[tools."go:github.com/go-delve/delve/cmd/dlv"]]
version = "1.25.2"
backend = "go:github.com/go-delve/delve/cmd/dlv"

[[tools."go:github.com/golangci/golangci-lint/cmd/golangci-lint"]]
version = "1.64.8"
backend = "go:github.com/golangci/golangci-lint/cmd/golangci-lint"

[[tools."go:github.com/golangci/golangci-lint/v2/cmd/golangci-lint"]]
version = "2.7.2"
backend = "go:github.com/golangci/golangci-lint/v2/cmd/golangci-lint"

[[tools."go:github.com/grpc-ecosystem/grpc-gateway/v2/protoc-gen-grpc-gateway"]]
version = "2.27.3"
backend = "go:github.com/grpc-ecosystem/grpc-gateway/v2/protoc-gen-grpc-gateway"

[[tools."go:github.com/grpc-ecosystem/grpc-gateway/v2/protoc-gen-openapiv2"]]
version = "2.27.3"
backend = "go:github.com/grpc-ecosystem/grpc-gateway/v2/protoc-gen-openapiv2"

[[tools."go:github.com/jesseduffield/lazygit"]]
version = "0.57.0"
backend = "go:github.com/jesseduffield/lazygit"

[[tools."go:github.com/junegunn/fzf"]]
version = "0.67.0"
backend = "go:github.com/junegunn/fzf"

[[tools."go:github.com/nametake/golangci-lint-langserver"]]
version = "0.0.11"
backend = "go:github.com/nametake/golangci-lint-langserver"

[[tools."go:golang.org/x/tools/cmd/goimports"]]
version = "0.40.0"
backend = "go:golang.org/x/tools/cmd/goimports"

[[tools."go:golang.org/x/tools/gopls"]]
version = "0.20.0"
backend = "go:golang.org/x/tools/gopls"

[[tools."go:google.golang.org/grpc/cmd/protoc-gen-go-grpc"]]
version = "1.6.0"
backend = "go:google.golang.org/grpc/cmd/protoc-gen-go-grpc"

[[tools."go:google.golang.org/protobuf/cmd/protoc-gen-go"]]
version = "1.36.11"
backend = "go:google.golang.org/protobuf/cmd/protoc-gen-go"

[[tools."go:honnef.co/go/tools/cmd/staticcheck"]]
version = "0.7.0-0.dev"
backend = "go:honnef.co/go/tools/cmd/staticcheck"

[[tools."go:mvdan.cc/gofumpt"]]
version = "0.9.2"
backend = "go:mvdan.cc/gofumpt"

[[tools.node]]
version = "24.12.0"
backend = "core:node"
"platforms.linux-arm64" = { checksum = "sha256:9b2a2eeb98a8eb37361224e2a1d060300ad2dd143af58dfdb16de785df0f1228", url = "https://nodejs.org/dist/v24.12.0/node-v24.12.0-linux-arm64.tar.gz"}
"platforms.linux-x64" = { checksum = "sha256:6159227e0af7d7c3c6bb2fa900452b04a6cb8841a702a79acc613209d70b04d0", url = "https://nodejs.org/dist/v24.12.0/node-v24.12.0-linux-x64.tar.gz"}
"platforms.macos-arm64" = { checksum = "sha256:319f221adc5e44ff0ed57e8a441b2284f02b8dc6fc87b8eb92a6a93643fd8080", url = "https://nodejs.org/dist/v24.12.0/node-v24.12.0-darwin-arm64.tar.gz"}
"platforms.macos-x64" = { checksum = "sha256:b82ea4c62fd08e250cab59d625e75d77cc5b0a3d60c6698ebee4545c88a169c5", url = "https://nodejs.org/dist/v24.12.0/node-v24.12.0-darwin-x64.tar.gz"}
"platforms.windows-x64" = { checksum = "sha256:9c125f61ae947b52e779095830f9cac267846a043ef7192183c84016aaad2812", url = "https://nodejs.org/dist/v24.12.0/node-v24.12.0-win-x64.zip"}

[[tools."npm:@anthropic-ai/claude-code"]]
version = "2.0.67"
backend = "npm:@anthropic-ai/claude-code"

[[tools."npm:@bufbuild/protoc-gen-es"]]
version = "2.10.1"
backend = "npm:@bufbuild/protoc-gen-es"

[[tools."npm:@google/gemini-cli"]]
version = "0.20.0"
backend = "npm:@google/gemini-cli"

[[tools."npm:@openai/codex"]]
version = "0.71.0"
backend = "npm:@openai/codex"

[[tools."npm:@upstash/context7-mcp"]]
version = "1.0.31"
backend = "npm:@upstash/context7-mcp"

[[tools."npm:zenn-cli"]]
version = "0.2.10"
backend = "npm:zenn-cli"

[[tools."pipx:ansible"]]
version = "13.1.0"
backend = "pipx:ansible"

[[tools."pipx:ansible-core"]]
version = "2.20.1"
backend = "pipx:ansible-core"

[[tools."pipx:betterproto2_compiler"]]
version = "0.9.0"
backend = "pipx:betterproto2_compiler"

[[tools."pipx:github/spec-kit"]]
version = "v0.0.90"
backend = "pipx:github/spec-kit"

[[tools."pipx:oraios/serena"]]
version = "v0.1.4"
backend = "pipx:oraios/serena"

[[tools.protoc]]
version = "33.2"
backend = "aqua:protocolbuffers/protobuf/protoc"
"platforms.linux-arm64" = { checksum = "sha256:706662a332683aa2fffe1c4ea61588279d31679cd42d91c7d60a69651768edb8", url = "https://github.com/protocolbuffers/protobuf/releases/download/v33.2/protoc-33.2-linux-aarch_64.zip"}
"platforms.linux-x64" = { checksum = "sha256:b24b53f87c151bfd48b112fe4c3a6e6574e5198874f38036aff41df3456b8caf", url = "https://github.com/protocolbuffers/protobuf/releases/download/v33.2/protoc-33.2-linux-x86_64.zip"}
"platforms.macos-arm64" = { checksum = "sha256:5be1427127788c9f7dd7d606c3e69843dd3587327dea993917ffcb77e7234b44", url = "https://github.com/protocolbuffers/protobuf/releases/download/v33.2/protoc-33.2-osx-aarch_64.zip"}
"platforms.macos-x64" = { checksum = "sha256:dba51cfcc85076d56e7de01a647865c5a7f995c3dce427d5215b53e50b7be43f", url = "https://github.com/protocolbuffers/protobuf/releases/download/v33.2/protoc-33.2-osx-x86_64.zip"}
"platforms.windows-x64" = { checksum = "sha256:376770cd4073beb63db56fdd339260edb9957b3c4472e05a75f5f9ec8f98d8f5", url = "https://github.com/protocolbuffers/protobuf/releases/download/v33.2/protoc-33.2-win64.zip"}

[[tools.python]]
version = "3.14.2"
backend = "core:python"

[[tools.ruby]]
version = "3.4.7"
backend = "core:ruby"
"platforms.linux-arm64" = { checksum = "sha256:23815a6d095696f7919090fdc3e2f9459b2c83d57224b2e446ce1f5f7333ef36", url = "https://cache.ruby-lang.org/pub/ruby/3.4/ruby-3.4.7.tar.gz"}
"platforms.linux-x64" = { checksum = "sha256:23815a6d095696f7919090fdc3e2f9459b2c83d57224b2e446ce1f5f7333ef36", url = "https://cache.ruby-lang.org/pub/ruby/3.4/ruby-3.4.7.tar.gz"}
"platforms.macos-arm64" = { checksum = "sha256:23815a6d095696f7919090fdc3e2f9459b2c83d57224b2e446ce1f5f7333ef36", url = "https://cache.ruby-lang.org/pub/ruby/3.4/ruby-3.4.7.tar.gz"}
"platforms.macos-x64" = { checksum = "sha256:23815a6d095696f7919090fdc3e2f9459b2c83d57224b2e446ce1f5f7333ef36", url = "https://cache.ruby-lang.org/pub/ruby/3.4/ruby-3.4.7.tar.gz"}
"platforms.windows-x64" = { checksum = "sha256:23815a6d095696f7919090fdc3e2f9459b2c83d57224b2e446ce1f5f7333ef36", url = "https://cache.ruby-lang.org/pub/ruby/3.4/ruby-3.4.7.tar.gz"}

[[tools.ruff]]
version = "0.14.9"
backend = "aqua:astral-sh/ruff"
"platforms.linux-arm64" = { checksum = "sha256:9bdedf2e8d6398e193c2b2feccb2b4c9f8d37a6dc87cc0b587340a60e87d14e2", url = "https://github.com/astral-sh/ruff/releases/download/0.14.9/ruff-aarch64-unknown-linux-musl.tar.gz"}
"platforms.linux-x64" = { checksum = "sha256:3bdbdb32f95bcf2c5bc45502a2050f30706f1c205fa0087ee3d4c688f67854fc", url = "https://github.com/astral-sh/ruff/releases/download/0.14.9/ruff-x86_64-unknown-linux-musl.tar.gz"}
"platforms.macos-arm64" = { checksum = "sha256:ea132e6d6af23dbcf21c81d7fd8c5a94ccf16b1fb36a8bc60da971e339301f10", url = "https://github.com/astral-sh/ruff/releases/download/0.14.9/ruff-aarch64-apple-darwin.tar.gz"}
"platforms.macos-x64" = { checksum = "sha256:ce980eb4b44a84cbf278686f8cf71a21b353888b29472ca269ffe385ce4f2351", url = "https://github.com/astral-sh/ruff/releases/download/0.14.9/ruff-x86_64-apple-darwin.tar.gz"}
"platforms.windows-x64" = { checksum = "sha256:98727a845f01782b78efe1a3f0913aa9ec76c9a24e09aca89e26b3b684ca86a0", url = "https://github.com/astral-sh/ruff/releases/download/0.14.9/ruff-x86_64-pc-windows-msvc.zip"}

[[tools.rust]]
version = "stable"
backend = "core:rust"

[[tools.uv]]
version = "0.9.17"
backend = "aqua:astral-sh/uv"
"platforms.linux-arm64" = { checksum = "sha256:f6f48a301f8e855765af42ef50257af0cebc9c5439dfdcbc188142941aea45ca", url = "https://github.com/astral-sh/uv/releases/download/0.9.17/uv-aarch64-unknown-linux-musl.tar.gz"}
"platforms.linux-x64" = { checksum = "sha256:ab616c1851e7b1ed377a9ff3997dcee184bea7eda0b20bc8607abba6c469cbad", url = "https://github.com/astral-sh/uv/releases/download/0.9.17/uv-x86_64-unknown-linux-musl.tar.gz"}
"platforms.macos-arm64" = { checksum = "sha256:a1e1464aa1d04d5e5fa700aa2f2e10397d1114e835dbd56be25ba65c9a31bd99", url = "https://github.com/astral-sh/uv/releases/download/0.9.17/uv-aarch64-apple-darwin.tar.gz"}
"platforms.macos-x64" = { checksum = "sha256:249e7fb18d45c06ba283c48f0a8e586ecc5fbb9e8dad0923c4169a7c4db815b2", url = "https://github.com/astral-sh/uv/releases/download/0.9.17/uv-x86_64-apple-darwin.tar.gz"}
"platforms.windows-x64" = { checksum = "sha256:ebc76197bf3e1a58f9dac6f70f49b0ebd3e6907ab35289ce228bce5ba8a3f201", url = "https://github.com/astral-sh/uv/releases/download/0.9.17/uv-x86_64-pc-windows-msvc.zip"}
